
Microsoft Visual Studio Solution File, Format Version 12.00
# Visual Studio Version 16
VisualStudioVersion = 16.0.30804.86
MinimumVisualStudioVersion = 10.0.40219.1
Project("{9A19103F-16F7-4668-BE54-9A1E7A4F7556}") = "Plugin.Clipboard", "Clipboard\Plugin.Clipboard\Plugin.Clipboard.csproj", "{A6FCEF44-D2BA-42C7-B3CB-13667BCD7B54}"
EndProject
Project("{9A19103F-16F7-4668-BE54-9A1E7A4F7556}") = "Plugin.Clipboard.Abstractions", "Clipboard\Plugin.Clipboard.Abstractions\Plugin.Clipboard.Abstractions.csproj", "{6EDB0588-FFC5-4EF5-8A99-9E241D0F878D}"
EndProject
Project("{FAE04EC0-301F-11D3-BF4B-00C04F79EFBC}") = "Plugin.Clipboard.iOS", "Clipboard\Plugin.Clipboard.iOS\Plugin.Clipboard.iOS.csproj", "{2882AEEB-D4CD-4EB9-8A6C-6653B33681F0}"
EndProject
Project("{FAE04EC0-301F-11D3-BF4B-00C04F79EFBC}") = "Plugin.Clipboard.Android", "Clipboard\Plugin.Clipboard.Android\Plugin.Clipboard.Android.csproj", "{56A56F17-7DE1-4CA1-9617-BF32E971AC84}"
EndProject
Project("{FAE04EC0-301F-11D3-BF4B-00C04F79EFBC}") = "Plugin.Clipboard.UWP", "Clipboard\Plugin.Clipboard.UWP\Plugin.Clipboard.UWP.csproj", "{E34B516D-C0D8-450F-9DB0-BB6A5B04AEF1}"
EndProject
Project("{2150E333-8FDC-42A3-9474-1A3956D46DE8}") = "Tests", "Tests", "{A316048C-E8D5-4951-A60B-F96D5B2CD5D2}"
EndProject
Project("{FAE04EC0-301F-11D3-BF4B-00C04F79EFBC}") = "Plugin.Clipboard.Tests.Android", "Clipboard\Tests\Plugin.Clipboard.Tests.Android\Plugin.Clipboard.Tests.Android.csproj", "{B74E7F46-1CEA-47ED-A286-5333F1616194}"
EndProject
Project("{FAE04EC0-301F-11D3-BF4B-00C04F79EFBC}") = "Plugin.Clipboard.Tests.iOS", "Clipboard\Tests\Plugin.Clipboard.Tests.iOS\Plugin.Clipboard.Tests.iOS.csproj", "{47D44D55-0BC0-432D-B88F-49E89EFEE592}"
EndProject
Project("{FAE04EC0-301F-11D3-BF4B-00C04F79EFBC}") = "Plugin.Clipboard.Tests.UWP", "Clipboard\Tests\Plugin.Clipboard.Tests.UWP\Plugin.Clipboard.Tests.UWP.csproj", "{6FA2646B-AF08-4434-BC80-7736BE791F2E}"
EndProject
Project("{FAE04EC0-301F-11D3-BF4B-00C04F79EFBC}") = "Plugin.Clipboard.Mac", "Clipboard\Plugin.Clipboard.Mac\Plugin.Clipboard.Mac.csproj", "{376EC259-332D-494D-AB0A-B45C9790E7E3}"
EndProject
Project("{FAE04EC0-301F-11D3-BF4B-00C04F79EFBC}") = "Plugin.Clipboard.Tests.Mac", "Clipboard\Tests\Plugin.Clipboard.Tests.Mac\Plugin.Clipboard.Tests.Mac.csproj", "{B9C51ABA-4C2F-4F2A-BAE7-1B82234FE980}"
EndProject
Project("{FAE04EC0-301F-11D3-BF4B-00C04F79EFBC}") = "Plugin.Clipboard.Gtk", "Clipboard\Plugin.Clipboard.Gtk\Plugin.Clipboard.Gtk.csproj", "{38CB368D-5DEF-4471-944C-AD63A2DDDCF5}"
EndProject
Project("{FAE04EC0-301F-11D3-BF4B-00C04F79EFBC}") = "Plugin.Clipboard.Tests.Gtk", "Clipboard\Tests\Plugin.Clipboard.Tests.Gtk\Plugin.Clipboard.Tests.Gtk.csproj", "{01315C6E-1BFF-4201-AF2C-A20DDBB06C57}"
EndProject
Project("{FAE04EC0-301F-11D3-BF4B-00C04F79EFBC}") = "Plugin.Clipboard.WPF", "Clipboard\Plugin.Clipboard.WPF\Plugin.Clipboard.WPF.csproj", "{F19A9079-8DFD-4FF7-8188-D1B009847077}"
EndProject
Project("{FAE04EC0-301F-11D3-BF4B-00C04F79EFBC}") = "Plugin.Clipboard.Test.WPF", "Clipboard\Tests\Plugin.Clipboard.Test.WPF\Plugin.Clipboard.Test.WPF.csproj", "{62659D25-747D-4FD6-8FE8-106E8B84E280}"
EndProject
Global
	GlobalSection(SolutionConfigurationPlatforms) = preSolution
		Ad-Hoc|Any CPU = Ad-Hoc|Any CPU
		Ad-Hoc|ARM = Ad-Hoc|ARM
		Ad-Hoc|iPhone = Ad-Hoc|iPhone
		Ad-Hoc|iPhoneSimulator = Ad-Hoc|iPhoneSimulator
		Ad-Hoc|x64 = Ad-Hoc|x64
		Ad-Hoc|x86 = Ad-Hoc|x86
		AppStore|Any CPU = AppStore|Any CPU
		AppStore|ARM = AppStore|ARM
		AppStore|iPhone = AppStore|iPhone
		AppStore|iPhoneSimulator = AppStore|iPhoneSimulator
		AppStore|x64 = AppStore|x64
		AppStore|x86 = AppStore|x86
		Debug|Any CPU = Debug|Any CPU
		Debug|ARM = Debug|ARM
		Debug|iPhone = Debug|iPhone
		Debug|iPhoneSimulator = Debug|iPhoneSimulator
		Debug|x64 = Debug|x64
		Debug|x86 = Debug|x86
		Release|Any CPU = Release|Any CPU
		Release|ARM = Release|ARM
		Release|iPhone = Release|iPhone
		Release|iPhoneSimulator = Release|iPhoneSimulator
		Release|x64 = Release|x64
		Release|x86 = Release|x86
	EndGlobalSection
	GlobalSection(ProjectConfigurationPlatforms) = postSolution
		{A6FCEF44-D2BA-42C7-B3CB-13667BCD7B54}.Ad-Hoc|Any CPU.ActiveCfg = Release|Any CPU
		{A6FCEF44-D2BA-42C7-B3CB-13667BCD7B54}.Ad-Hoc|Any CPU.Build.0 = Release|Any CPU
		{A6FCEF44-D2BA-42C7-B3CB-13667BCD7B54}.Ad-Hoc|ARM.ActiveCfg = Release|Any CPU
		{A6FCEF44-D2BA-42C7-B3CB-13667BCD7B54}.Ad-Hoc|ARM.Build.0 = Release|Any CPU
		{A6FCEF44-D2BA-42C7-B3CB-13667BCD7B54}.Ad-Hoc|iPhone.ActiveCfg = Release|Any CPU
		{A6FCEF44-D2BA-42C7-B3CB-13667BCD7B54}.Ad-Hoc|iPhone.Build.0 = Release|Any CPU
		{A6FCEF44-D2BA-42C7-B3CB-13667BCD7B54}.Ad-Hoc|iPhoneSimulator.ActiveCfg = Release|Any CPU
		{A6FCEF44-D2BA-42C7-B3CB-13667BCD7B54}.Ad-Hoc|iPhoneSimulator.Build.0 = Release|Any CPU
		{A6FCEF44-D2BA-42C7-B3CB-13667BCD7B54}.Ad-Hoc|x64.ActiveCfg = Release|Any CPU
		{A6FCEF44-D2BA-42C7-B3CB-13667BCD7B54}.Ad-Hoc|x64.Build.0 = Release|Any CPU
		{A6FCEF44-D2BA-42C7-B3CB-13667BCD7B54}.Ad-Hoc|x86.ActiveCfg = Release|Any CPU
		{A6FCEF44-D2BA-42C7-B3CB-13667BCD7B54}.Ad-Hoc|x86.Build.0 = Release|Any CPU
		{A6FCEF44-D2BA-42C7-B3CB-13667BCD7B54}.AppStore|Any CPU.ActiveCfg = Release|Any CPU
		{A6FCEF44-D2BA-42C7-B3CB-13667BCD7B54}.AppStore|Any CPU.Build.0 = Release|Any CPU
		{A6FCEF44-D2BA-42C7-B3CB-13667BCD7B54}.AppStore|ARM.ActiveCfg = Release|Any CPU
		{A6FCEF44-D2BA-42C7-B3CB-13667BCD7B54}.AppStore|ARM.Build.0 = Release|Any CPU
		{A6FCEF44-D2BA-42C7-B3CB-13667BCD7B54}.AppStore|iPhone.ActiveCfg = Release|Any CPU
		{A6FCEF44-D2BA-42C7-B3CB-13667BCD7B54}.AppStore|iPhone.Build.0 = Release|Any CPU
		{A6FCEF44-D2BA-42C7-B3CB-13667BCD7B54}.AppStore|iPhoneSimulator.ActiveCfg = Release|Any CPU
		{A6FCEF44-D2BA-42C7-B3CB-13667BCD7B54}.AppStore|iPhoneSimulator.Build.0 = Release|Any CPU
		{A6FCEF44-D2BA-42C7-B3CB-13667BCD7B54}.AppStore|x64.ActiveCfg = Release|Any CPU
		{A6FCEF44-D2BA-42C7-B3CB-13667BCD7B54}.AppStore|x64.Build.0 = Release|Any CPU
		{A6FCEF44-D2BA-42C7-B3CB-13667BCD7B54}.AppStore|x86.ActiveCfg = Release|Any CPU
		{A6FCEF44-D2BA-42C7-B3CB-13667BCD7B54}.AppStore|x86.Build.0 = Release|Any CPU
		{A6FCEF44-D2BA-42C7-B3CB-13667BCD7B54}.Debug|Any CPU.ActiveCfg = Debug|Any CPU
		{A6FCEF44-D2BA-42C7-B3CB-13667BCD7B54}.Debug|Any CPU.Build.0 = Debug|Any CPU
		{A6FCEF44-D2BA-42C7-B3CB-13667BCD7B54}.Debug|ARM.ActiveCfg = Debug|Any CPU
		{A6FCEF44-D2BA-42C7-B3CB-13667BCD7B54}.Debug|ARM.Build.0 = Debug|Any CPU
		{A6FCEF44-D2BA-42C7-B3CB-13667BCD7B54}.Debug|iPhone.ActiveCfg = Debug|Any CPU
		{A6FCEF44-D2BA-42C7-B3CB-13667BCD7B54}.Debug|iPhone.Build.0 = Debug|Any CPU
		{A6FCEF44-D2BA-42C7-B3CB-13667BCD7B54}.Debug|iPhoneSimulator.ActiveCfg = Debug|Any CPU
		{A6FCEF44-D2BA-42C7-B3CB-13667BCD7B54}.Debug|iPhoneSimulator.Build.0 = Debug|Any CPU
		{A6FCEF44-D2BA-42C7-B3CB-13667BCD7B54}.Debug|x64.ActiveCfg = Debug|Any CPU
		{A6FCEF44-D2BA-42C7-B3CB-13667BCD7B54}.Debug|x64.Build.0 = Debug|Any CPU
		{A6FCEF44-D2BA-42C7-B3CB-13667BCD7B54}.Debug|x86.ActiveCfg = Debug|Any CPU
		{A6FCEF44-D2BA-42C7-B3CB-13667BCD7B54}.Debug|x86.Build.0 = Debug|Any CPU
		{A6FCEF44-D2BA-42C7-B3CB-13667BCD7B54}.Release|Any CPU.ActiveCfg = Release|Any CPU
		{A6FCEF44-D2BA-42C7-B3CB-13667BCD7B54}.Release|Any CPU.Build.0 = Release|Any CPU
		{A6FCEF44-D2BA-42C7-B3CB-13667BCD7B54}.Release|ARM.ActiveCfg = Release|Any CPU
		{A6FCEF44-D2BA-42C7-B3CB-13667BCD7B54}.Release|ARM.Build.0 = Release|Any CPU
		{A6FCEF44-D2BA-42C7-B3CB-13667BCD7B54}.Release|iPhone.ActiveCfg = Release|Any CPU
		{A6FCEF44-D2BA-42C7-B3CB-13667BCD7B54}.Release|iPhone.Build.0 = Release|Any CPU
		{A6FCEF44-D2BA-42C7-B3CB-13667BCD7B54}.Release|iPhoneSimulator.ActiveCfg = Release|Any CPU
		{A6FCEF44-D2BA-42C7-B3CB-13667BCD7B54}.Release|iPhoneSimulator.Build.0 = Release|Any CPU
		{A6FCEF44-D2BA-42C7-B3CB-13667BCD7B54}.Release|x64.ActiveCfg = Release|Any CPU
		{A6FCEF44-D2BA-42C7-B3CB-13667BCD7B54}.Release|x64.Build.0 = Release|Any CPU
		{A6FCEF44-D2BA-42C7-B3CB-13667BCD7B54}.Release|x86.ActiveCfg = Release|Any CPU
		{A6FCEF44-D2BA-42C7-B3CB-13667BCD7B54}.Release|x86.Build.0 = Release|Any CPU
		{6EDB0588-FFC5-4EF5-8A99-9E241D0F878D}.Ad-Hoc|Any CPU.ActiveCfg = Release|Any CPU
		{6EDB0588-FFC5-4EF5-8A99-9E241D0F878D}.Ad-Hoc|Any CPU.Build.0 = Release|Any CPU
		{6EDB0588-FFC5-4EF5-8A99-9E241D0F878D}.Ad-Hoc|ARM.ActiveCfg = Release|Any CPU
		{6EDB0588-FFC5-4EF5-8A99-9E241D0F878D}.Ad-Hoc|ARM.Build.0 = Release|Any CPU
		{6EDB0588-FFC5-4EF5-8A99-9E241D0F878D}.Ad-Hoc|iPhone.ActiveCfg = Release|Any CPU
		{6EDB0588-FFC5-4EF5-8A99-9E241D0F878D}.Ad-Hoc|iPhone.Build.0 = Release|Any CPU
		{6EDB0588-FFC5-4EF5-8A99-9E241D0F878D}.Ad-Hoc|iPhoneSimulator.ActiveCfg = Release|Any CPU
		{6EDB0588-FFC5-4EF5-8A99-9E241D0F878D}.Ad-Hoc|iPhoneSimulator.Build.0 = Release|Any CPU
		{6EDB0588-FFC5-4EF5-8A99-9E241D0F878D}.Ad-Hoc|x64.ActiveCfg = Release|Any CPU
		{6EDB0588-FFC5-4EF5-8A99-9E241D0F878D}.Ad-Hoc|x64.Build.0 = Release|Any CPU
		{6EDB0588-FFC5-4EF5-8A99-9E241D0F878D}.Ad-Hoc|x86.ActiveCfg = Release|Any CPU
		{6EDB0588-FFC5-4EF5-8A99-9E241D0F878D}.Ad-Hoc|x86.Build.0 = Release|Any CPU
		{6EDB0588-FFC5-4EF5-8A99-9E241D0F878D}.AppStore|Any CPU.ActiveCfg = Release|Any CPU
		{6EDB0588-FFC5-4EF5-8A99-9E241D0F878D}.AppStore|Any CPU.Build.0 = Release|Any CPU
		{6EDB0588-FFC5-4EF5-8A99-9E241D0F878D}.AppStore|ARM.ActiveCfg = Release|Any CPU
		{6EDB0588-FFC5-4EF5-8A99-9E241D0F878D}.AppStore|ARM.Build.0 = Release|Any CPU
		{6EDB0588-FFC5-4EF5-8A99-9E241D0F878D}.AppStore|iPhone.ActiveCfg = Release|Any CPU
		{6EDB0588-FFC5-4EF5-8A99-9E241D0F878D}.AppStore|iPhone.Build.0 = Release|Any CPU
		{6EDB0588-FFC5-4EF5-8A99-9E241D0F878D}.AppStore|iPhoneSimulator.ActiveCfg = Release|Any CPU
		{6EDB0588-FFC5-4EF5-8A99-9E241D0F878D}.AppStore|iPhoneSimulator.Build.0 = Release|Any CPU
		{6EDB0588-FFC5-4EF5-8A99-9E241D0F878D}.AppStore|x64.ActiveCfg = Release|Any CPU
		{6EDB0588-FFC5-4EF5-8A99-9E241D0F878D}.AppStore|x64.Build.0 = Release|Any CPU
		{6EDB0588-FFC5-4EF5-8A99-9E241D0F878D}.AppStore|x86.ActiveCfg = Release|Any CPU
		{6EDB0588-FFC5-4EF5-8A99-9E241D0F878D}.AppStore|x86.Build.0 = Release|Any CPU
		{6EDB0588-FFC5-4EF5-8A99-9E241D0F878D}.Debug|Any CPU.ActiveCfg = Debug|Any CPU
		{6EDB0588-FFC5-4EF5-8A99-9E241D0F878D}.Debug|Any CPU.Build.0 = Debug|Any CPU
		{6EDB0588-FFC5-4EF5-8A99-9E241D0F878D}.Debug|ARM.ActiveCfg = Debug|Any CPU
		{6EDB0588-FFC5-4EF5-8A99-9E241D0F878D}.Debug|ARM.Build.0 = Debug|Any CPU
		{6EDB0588-FFC5-4EF5-8A99-9E241D0F878D}.Debug|iPhone.ActiveCfg = Debug|Any CPU
		{6EDB0588-FFC5-4EF5-8A99-9E241D0F878D}.Debug|iPhone.Build.0 = Debug|Any CPU
		{6EDB0588-FFC5-4EF5-8A99-9E241D0F878D}.Debug|iPhoneSimulator.ActiveCfg = Debug|Any CPU
		{6EDB0588-FFC5-4EF5-8A99-9E241D0F878D}.Debug|iPhoneSimulator.Build.0 = Debug|Any CPU
		{6EDB0588-FFC5-4EF5-8A99-9E241D0F878D}.Debug|x64.ActiveCfg = Debug|Any CPU
		{6EDB0588-FFC5-4EF5-8A99-9E241D0F878D}.Debug|x64.Build.0 = Debug|Any CPU
		{6EDB0588-FFC5-4EF5-8A99-9E241D0F878D}.Debug|x86.ActiveCfg = Debug|Any CPU
		{6EDB0588-FFC5-4EF5-8A99-9E241D0F878D}.Debug|x86.Build.0 = Debug|Any CPU
		{6EDB0588-FFC5-4EF5-8A99-9E241D0F878D}.Release|Any CPU.ActiveCfg = Release|Any CPU
		{6EDB0588-FFC5-4EF5-8A99-9E241D0F878D}.Release|Any CPU.Build.0 = Release|Any CPU
		{6EDB0588-FFC5-4EF5-8A99-9E241D0F878D}.Release|ARM.ActiveCfg = Release|Any CPU
		{6EDB0588-FFC5-4EF5-8A99-9E241D0F878D}.Release|ARM.Build.0 = Release|Any CPU
		{6EDB0588-FFC5-4EF5-8A99-9E241D0F878D}.Release|iPhone.ActiveCfg = Release|Any CPU
		{6EDB0588-FFC5-4EF5-8A99-9E241D0F878D}.Release|iPhone.Build.0 = Release|Any CPU
		{6EDB0588-FFC5-4EF5-8A99-9E241D0F878D}.Release|iPhoneSimulator.ActiveCfg = Release|Any CPU
		{6EDB0588-FFC5-4EF5-8A99-9E241D0F878D}.Release|iPhoneSimulator.Build.0 = Release|Any CPU
		{6EDB0588-FFC5-4EF5-8A99-9E241D0F878D}.Release|x64.ActiveCfg = Release|Any CPU
		{6EDB0588-FFC5-4EF5-8A99-9E241D0F878D}.Release|x64.Build.0 = Release|Any CPU
		{6EDB0588-FFC5-4EF5-8A99-9E241D0F878D}.Release|x86.ActiveCfg = Release|Any CPU
		{6EDB0588-FFC5-4EF5-8A99-9E241D0F878D}.Release|x86.Build.0 = Release|Any CPU
		{2882AEEB-D4CD-4EB9-8A6C-6653B33681F0}.Ad-Hoc|Any CPU.ActiveCfg = Release|Any CPU
		{2882AEEB-D4CD-4EB9-8A6C-6653B33681F0}.Ad-Hoc|Any CPU.Build.0 = Release|Any CPU
		{2882AEEB-D4CD-4EB9-8A6C-6653B33681F0}.Ad-Hoc|ARM.ActiveCfg = Release|Any CPU
		{2882AEEB-D4CD-4EB9-8A6C-6653B33681F0}.Ad-Hoc|ARM.Build.0 = Release|Any CPU
		{2882AEEB-D4CD-4EB9-8A6C-6653B33681F0}.Ad-Hoc|iPhone.ActiveCfg = Release|Any CPU
		{2882AEEB-D4CD-4EB9-8A6C-6653B33681F0}.Ad-Hoc|iPhone.Build.0 = Release|Any CPU
		{2882AEEB-D4CD-4EB9-8A6C-6653B33681F0}.Ad-Hoc|iPhoneSimulator.ActiveCfg = Release|Any CPU
		{2882AEEB-D4CD-4EB9-8A6C-6653B33681F0}.Ad-Hoc|iPhoneSimulator.Build.0 = Release|Any CPU
		{2882AEEB-D4CD-4EB9-8A6C-6653B33681F0}.Ad-Hoc|x64.ActiveCfg = Release|Any CPU
		{2882AEEB-D4CD-4EB9-8A6C-6653B33681F0}.Ad-Hoc|x64.Build.0 = Release|Any CPU
		{2882AEEB-D4CD-4EB9-8A6C-6653B33681F0}.Ad-Hoc|x86.ActiveCfg = Release|Any CPU
		{2882AEEB-D4CD-4EB9-8A6C-6653B33681F0}.Ad-Hoc|x86.Build.0 = Release|Any CPU
		{2882AEEB-D4CD-4EB9-8A6C-6653B33681F0}.AppStore|Any CPU.ActiveCfg = Release|Any CPU
		{2882AEEB-D4CD-4EB9-8A6C-6653B33681F0}.AppStore|Any CPU.Build.0 = Release|Any CPU
		{2882AEEB-D4CD-4EB9-8A6C-6653B33681F0}.AppStore|ARM.ActiveCfg = Release|Any CPU
		{2882AEEB-D4CD-4EB9-8A6C-6653B33681F0}.AppStore|ARM.Build.0 = Release|Any CPU
		{2882AEEB-D4CD-4EB9-8A6C-6653B33681F0}.AppStore|iPhone.ActiveCfg = Release|Any CPU
		{2882AEEB-D4CD-4EB9-8A6C-6653B33681F0}.AppStore|iPhone.Build.0 = Release|Any CPU
		{2882AEEB-D4CD-4EB9-8A6C-6653B33681F0}.AppStore|iPhoneSimulator.ActiveCfg = Release|Any CPU
		{2882AEEB-D4CD-4EB9-8A6C-6653B33681F0}.AppStore|iPhoneSimulator.Build.0 = Release|Any CPU
		{2882AEEB-D4CD-4EB9-8A6C-6653B33681F0}.AppStore|x64.ActiveCfg = Release|Any CPU
		{2882AEEB-D4CD-4EB9-8A6C-6653B33681F0}.AppStore|x64.Build.0 = Release|Any CPU
		{2882AEEB-D4CD-4EB9-8A6C-6653B33681F0}.AppStore|x86.ActiveCfg = Release|Any CPU
		{2882AEEB-D4CD-4EB9-8A6C-6653B33681F0}.AppStore|x86.Build.0 = Release|Any CPU
		{2882AEEB-D4CD-4EB9-8A6C-6653B33681F0}.Debug|Any CPU.ActiveCfg = Debug|Any CPU
		{2882AEEB-D4CD-4EB9-8A6C-6653B33681F0}.Debug|Any CPU.Build.0 = Debug|Any CPU
		{2882AEEB-D4CD-4EB9-8A6C-6653B33681F0}.Debug|ARM.ActiveCfg = Debug|Any CPU
		{2882AEEB-D4CD-4EB9-8A6C-6653B33681F0}.Debug|ARM.Build.0 = Debug|Any CPU
		{2882AEEB-D4CD-4EB9-8A6C-6653B33681F0}.Debug|iPhone.ActiveCfg = Debug|Any CPU
		{2882AEEB-D4CD-4EB9-8A6C-6653B33681F0}.Debug|iPhone.Build.0 = Debug|Any CPU
		{2882AEEB-D4CD-4EB9-8A6C-6653B33681F0}.Debug|iPhoneSimulator.ActiveCfg = Debug|Any CPU
		{2882AEEB-D4CD-4EB9-8A6C-6653B33681F0}.Debug|iPhoneSimulator.Build.0 = Debug|Any CPU
		{2882AEEB-D4CD-4EB9-8A6C-6653B33681F0}.Debug|x64.ActiveCfg = Debug|Any CPU
		{2882AEEB-D4CD-4EB9-8A6C-6653B33681F0}.Debug|x64.Build.0 = Debug|Any CPU
		{2882AEEB-D4CD-4EB9-8A6C-6653B33681F0}.Debug|x86.ActiveCfg = Debug|Any CPU
		{2882AEEB-D4CD-4EB9-8A6C-6653B33681F0}.Debug|x86.Build.0 = Debug|Any CPU
		{2882AEEB-D4CD-4EB9-8A6C-6653B33681F0}.Release|Any CPU.ActiveCfg = Release|Any CPU
		{2882AEEB-D4CD-4EB9-8A6C-6653B33681F0}.Release|Any CPU.Build.0 = Release|Any CPU
		{2882AEEB-D4CD-4EB9-8A6C-6653B33681F0}.Release|ARM.ActiveCfg = Release|Any CPU
		{2882AEEB-D4CD-4EB9-8A6C-6653B33681F0}.Release|ARM.Build.0 = Release|Any CPU
		{2882AEEB-D4CD-4EB9-8A6C-6653B33681F0}.Release|iPhone.ActiveCfg = Release|Any CPU
		{2882AEEB-D4CD-4EB9-8A6C-6653B33681F0}.Release|iPhone.Build.0 = Release|Any CPU
		{2882AEEB-D4CD-4EB9-8A6C-6653B33681F0}.Release|iPhoneSimulator.ActiveCfg = Release|Any CPU
		{2882AEEB-D4CD-4EB9-8A6C-6653B33681F0}.Release|iPhoneSimulator.Build.0 = Release|Any CPU
		{2882AEEB-D4CD-4EB9-8A6C-6653B33681F0}.Release|x64.ActiveCfg = Release|Any CPU
		{2882AEEB-D4CD-4EB9-8A6C-6653B33681F0}.Release|x64.Build.0 = Release|Any CPU
		{2882AEEB-D4CD-4EB9-8A6C-6653B33681F0}.Release|x86.ActiveCfg = Release|Any CPU
		{2882AEEB-D4CD-4EB9-8A6C-6653B33681F0}.Release|x86.Build.0 = Release|Any CPU
		{56A56F17-7DE1-4CA1-9617-BF32E971AC84}.Ad-Hoc|Any CPU.ActiveCfg = Release|Any CPU
		{56A56F17-7DE1-4CA1-9617-BF32E971AC84}.Ad-Hoc|Any CPU.Build.0 = Release|Any CPU
		{56A56F17-7DE1-4CA1-9617-BF32E971AC84}.Ad-Hoc|ARM.ActiveCfg = Release|Any CPU
		{56A56F17-7DE1-4CA1-9617-BF32E971AC84}.Ad-Hoc|ARM.Build.0 = Release|Any CPU
		{56A56F17-7DE1-4CA1-9617-BF32E971AC84}.Ad-Hoc|iPhone.ActiveCfg = Release|Any CPU
		{56A56F17-7DE1-4CA1-9617-BF32E971AC84}.Ad-Hoc|iPhone.Build.0 = Release|Any CPU
		{56A56F17-7DE1-4CA1-9617-BF32E971AC84}.Ad-Hoc|iPhoneSimulator.ActiveCfg = Release|Any CPU
		{56A56F17-7DE1-4CA1-9617-BF32E971AC84}.Ad-Hoc|iPhoneSimulator.Build.0 = Release|Any CPU
		{56A56F17-7DE1-4CA1-9617-BF32E971AC84}.Ad-Hoc|x64.ActiveCfg = Release|Any CPU
		{56A56F17-7DE1-4CA1-9617-BF32E971AC84}.Ad-Hoc|x64.Build.0 = Release|Any CPU
		{56A56F17-7DE1-4CA1-9617-BF32E971AC84}.Ad-Hoc|x86.ActiveCfg = Release|Any CPU
		{56A56F17-7DE1-4CA1-9617-BF32E971AC84}.Ad-Hoc|x86.Build.0 = Release|Any CPU
		{56A56F17-7DE1-4CA1-9617-BF32E971AC84}.AppStore|Any CPU.ActiveCfg = Release|Any CPU
		{56A56F17-7DE1-4CA1-9617-BF32E971AC84}.AppStore|Any CPU.Build.0 = Release|Any CPU
		{56A56F17-7DE1-4CA1-9617-BF32E971AC84}.AppStore|ARM.ActiveCfg = Release|Any CPU
		{56A56F17-7DE1-4CA1-9617-BF32E971AC84}.AppStore|ARM.Build.0 = Release|Any CPU
		{56A56F17-7DE1-4CA1-9617-BF32E971AC84}.AppStore|iPhone.ActiveCfg = Release|Any CPU
		{56A56F17-7DE1-4CA1-9617-BF32E971AC84}.AppStore|iPhone.Build.0 = Release|Any CPU
		{56A56F17-7DE1-4CA1-9617-BF32E971AC84}.AppStore|iPhoneSimulator.ActiveCfg = Release|Any CPU
		{56A56F17-7DE1-4CA1-9617-BF32E971AC84}.AppStore|iPhoneSimulator.Build.0 = Release|Any CPU
		{56A56F17-7DE1-4CA1-9617-BF32E971AC84}.AppStore|x64.ActiveCfg = Release|Any CPU
		{56A56F17-7DE1-4CA1-9617-BF32E971AC84}.AppStore|x64.Build.0 = Release|Any CPU
		{56A56F17-7DE1-4CA1-9617-BF32E971AC84}.AppStore|x86.ActiveCfg = Release|Any CPU
		{56A56F17-7DE1-4CA1-9617-BF32E971AC84}.AppStore|x86.Build.0 = Release|Any CPU
		{56A56F17-7DE1-4CA1-9617-BF32E971AC84}.Debug|Any CPU.ActiveCfg = Debug|Any CPU
		{56A56F17-7DE1-4CA1-9617-BF32E971AC84}.Debug|Any CPU.Build.0 = Debug|Any CPU
		{56A56F17-7DE1-4CA1-9617-BF32E971AC84}.Debug|ARM.ActiveCfg = Debug|Any CPU
		{56A56F17-7DE1-4CA1-9617-BF32E971AC84}.Debug|ARM.Build.0 = Debug|Any CPU
		{56A56F17-7DE1-4CA1-9617-BF32E971AC84}.Debug|iPhone.ActiveCfg = Debug|Any CPU
		{56A56F17-7DE1-4CA1-9617-BF32E971AC84}.Debug|iPhone.Build.0 = Debug|Any CPU
		{56A56F17-7DE1-4CA1-9617-BF32E971AC84}.Debug|iPhoneSimulator.ActiveCfg = Debug|Any CPU
		{56A56F17-7DE1-4CA1-9617-BF32E971AC84}.Debug|iPhoneSimulator.Build.0 = Debug|Any CPU
		{56A56F17-7DE1-4CA1-9617-BF32E971AC84}.Debug|x64.ActiveCfg = Debug|Any CPU
		{56A56F17-7DE1-4CA1-9617-BF32E971AC84}.Debug|x64.Build.0 = Debug|Any CPU
		{56A56F17-7DE1-4CA1-9617-BF32E971AC84}.Debug|x86.ActiveCfg = Debug|Any CPU
		{56A56F17-7DE1-4CA1-9617-BF32E971AC84}.Debug|x86.Build.0 = Debug|Any CPU
		{56A56F17-7DE1-4CA1-9617-BF32E971AC84}.Release|Any CPU.ActiveCfg = Release|Any CPU
		{56A56F17-7DE1-4CA1-9617-BF32E971AC84}.Release|Any CPU.Build.0 = Release|Any CPU
		{56A56F17-7DE1-4CA1-9617-BF32E971AC84}.Release|ARM.ActiveCfg = Release|Any CPU
		{56A56F17-7DE1-4CA1-9617-BF32E971AC84}.Release|ARM.Build.0 = Release|Any CPU
		{56A56F17-7DE1-4CA1-9617-BF32E971AC84}.Release|iPhone.ActiveCfg = Release|Any CPU
		{56A56F17-7DE1-4CA1-9617-BF32E971AC84}.Release|iPhone.Build.0 = Release|Any CPU
		{56A56F17-7DE1-4CA1-9617-BF32E971AC84}.Release|iPhoneSimulator.ActiveCfg = Release|Any CPU
		{56A56F17-7DE1-4CA1-9617-BF32E971AC84}.Release|iPhoneSimulator.Build.0 = Release|Any CPU
		{56A56F17-7DE1-4CA1-9617-BF32E971AC84}.Release|x64.ActiveCfg = Release|Any CPU
		{56A56F17-7DE1-4CA1-9617-BF32E971AC84}.Release|x64.Build.0 = Release|Any CPU
		{56A56F17-7DE1-4CA1-9617-BF32E971AC84}.Release|x86.ActiveCfg = Release|Any CPU
		{56A56F17-7DE1-4CA1-9617-BF32E971AC84}.Release|x86.Build.0 = Release|Any CPU
		{E34B516D-C0D8-450F-9DB0-BB6A5B04AEF1}.Ad-Hoc|Any CPU.ActiveCfg = Release|Any CPU
		{E34B516D-C0D8-450F-9DB0-BB6A5B04AEF1}.Ad-Hoc|Any CPU.Build.0 = Release|Any CPU
		{E34B516D-C0D8-450F-9DB0-BB6A5B04AEF1}.Ad-Hoc|ARM.ActiveCfg = Release|ARM
		{E34B516D-C0D8-450F-9DB0-BB6A5B04AEF1}.Ad-Hoc|ARM.Build.0 = Release|ARM
		{E34B516D-C0D8-450F-9DB0-BB6A5B04AEF1}.Ad-Hoc|iPhone.ActiveCfg = Release|Any CPU
		{E34B516D-C0D8-450F-9DB0-BB6A5B04AEF1}.Ad-Hoc|iPhone.Build.0 = Release|Any CPU
		{E34B516D-C0D8-450F-9DB0-BB6A5B04AEF1}.Ad-Hoc|iPhoneSimulator.ActiveCfg = Release|Any CPU
		{E34B516D-C0D8-450F-9DB0-BB6A5B04AEF1}.Ad-Hoc|iPhoneSimulator.Build.0 = Release|Any CPU
		{E34B516D-C0D8-450F-9DB0-BB6A5B04AEF1}.Ad-Hoc|x64.ActiveCfg = Release|x64
		{E34B516D-C0D8-450F-9DB0-BB6A5B04AEF1}.Ad-Hoc|x64.Build.0 = Release|x64
		{E34B516D-C0D8-450F-9DB0-BB6A5B04AEF1}.Ad-Hoc|x86.ActiveCfg = Release|x86
		{E34B516D-C0D8-450F-9DB0-BB6A5B04AEF1}.Ad-Hoc|x86.Build.0 = Release|x86
		{E34B516D-C0D8-450F-9DB0-BB6A5B04AEF1}.AppStore|Any CPU.ActiveCfg = Release|Any CPU
		{E34B516D-C0D8-450F-9DB0-BB6A5B04AEF1}.AppStore|Any CPU.Build.0 = Release|Any CPU
		{E34B516D-C0D8-450F-9DB0-BB6A5B04AEF1}.AppStore|ARM.ActiveCfg = Release|ARM
		{E34B516D-C0D8-450F-9DB0-BB6A5B04AEF1}.AppStore|ARM.Build.0 = Release|ARM
		{E34B516D-C0D8-450F-9DB0-BB6A5B04AEF1}.AppStore|iPhone.ActiveCfg = Release|Any CPU
		{E34B516D-C0D8-450F-9DB0-BB6A5B04AEF1}.AppStore|iPhone.Build.0 = Release|Any CPU
		{E34B516D-C0D8-450F-9DB0-BB6A5B04AEF1}.AppStore|iPhoneSimulator.ActiveCfg = Release|Any CPU
		{E34B516D-C0D8-450F-9DB0-BB6A5B04AEF1}.AppStore|iPhoneSimulator.Build.0 = Release|Any CPU
		{E34B516D-C0D8-450F-9DB0-BB6A5B04AEF1}.AppStore|x64.ActiveCfg = Release|x64
		{E34B516D-C0D8-450F-9DB0-BB6A5B04AEF1}.AppStore|x64.Build.0 = Release|x64
		{E34B516D-C0D8-450F-9DB0-BB6A5B04AEF1}.AppStore|x86.ActiveCfg = Release|x86
		{E34B516D-C0D8-450F-9DB0-BB6A5B04AEF1}.AppStore|x86.Build.0 = Release|x86
		{E34B516D-C0D8-450F-9DB0-BB6A5B04AEF1}.Debug|Any CPU.ActiveCfg = Debug|Any CPU
		{E34B516D-C0D8-450F-9DB0-BB6A5B04AEF1}.Debug|Any CPU.Build.0 = Debug|Any CPU
		{E34B516D-C0D8-450F-9DB0-BB6A5B04AEF1}.Debug|ARM.ActiveCfg = Debug|ARM
		{E34B516D-C0D8-450F-9DB0-BB6A5B04AEF1}.Debug|ARM.Build.0 = Debug|ARM
		{E34B516D-C0D8-450F-9DB0-BB6A5B04AEF1}.Debug|iPhone.ActiveCfg = Debug|Any CPU
		{E34B516D-C0D8-450F-9DB0-BB6A5B04AEF1}.Debug|iPhone.Build.0 = Debug|Any CPU
		{E34B516D-C0D8-450F-9DB0-BB6A5B04AEF1}.Debug|iPhoneSimulator.ActiveCfg = Debug|Any CPU
		{E34B516D-C0D8-450F-9DB0-BB6A5B04AEF1}.Debug|iPhoneSimulator.Build.0 = Debug|Any CPU
		{E34B516D-C0D8-450F-9DB0-BB6A5B04AEF1}.Debug|x64.ActiveCfg = Debug|x64
		{E34B516D-C0D8-450F-9DB0-BB6A5B04AEF1}.Debug|x64.Build.0 = Debug|x64
		{E34B516D-C0D8-450F-9DB0-BB6A5B04AEF1}.Debug|x86.ActiveCfg = Debug|x86
		{E34B516D-C0D8-450F-9DB0-BB6A5B04AEF1}.Debug|x86.Build.0 = Debug|x86
		{E34B516D-C0D8-450F-9DB0-BB6A5B04AEF1}.Release|Any CPU.ActiveCfg = Release|Any CPU
		{E34B516D-C0D8-450F-9DB0-BB6A5B04AEF1}.Release|Any CPU.Build.0 = Release|Any CPU
		{E34B516D-C0D8-450F-9DB0-BB6A5B04AEF1}.Release|ARM.ActiveCfg = Release|ARM
		{E34B516D-C0D8-450F-9DB0-BB6A5B04AEF1}.Release|ARM.Build.0 = Release|ARM
		{E34B516D-C0D8-450F-9DB0-BB6A5B04AEF1}.Release|iPhone.ActiveCfg = Release|Any CPU
		{E34B516D-C0D8-450F-9DB0-BB6A5B04AEF1}.Release|iPhone.Build.0 = Release|Any CPU
		{E34B516D-C0D8-450F-9DB0-BB6A5B04AEF1}.Release|iPhoneSimulator.ActiveCfg = Release|Any CPU
		{E34B516D-C0D8-450F-9DB0-BB6A5B04AEF1}.Release|iPhoneSimulator.Build.0 = Release|Any CPU
		{E34B516D-C0D8-450F-9DB0-BB6A5B04AEF1}.Release|x64.ActiveCfg = Release|x64
		{E34B516D-C0D8-450F-9DB0-BB6A5B04AEF1}.Release|x64.Build.0 = Release|x64
		{E34B516D-C0D8-450F-9DB0-BB6A5B04AEF1}.Release|x86.ActiveCfg = Release|x86
		{E34B516D-C0D8-450F-9DB0-BB6A5B04AEF1}.Release|x86.Build.0 = Release|x86
		{B74E7F46-1CEA-47ED-A286-5333F1616194}.Ad-Hoc|Any CPU.ActiveCfg = Release|Any CPU
		{B74E7F46-1CEA-47ED-A286-5333F1616194}.Ad-Hoc|Any CPU.Build.0 = Release|Any CPU
		{B74E7F46-1CEA-47ED-A286-5333F1616194}.Ad-Hoc|Any CPU.Deploy.0 = Release|Any CPU
		{B74E7F46-1CEA-47ED-A286-5333F1616194}.Ad-Hoc|ARM.ActiveCfg = Release|Any CPU
		{B74E7F46-1CEA-47ED-A286-5333F1616194}.Ad-Hoc|ARM.Build.0 = Release|Any CPU
		{B74E7F46-1CEA-47ED-A286-5333F1616194}.Ad-Hoc|ARM.Deploy.0 = Release|Any CPU
		{B74E7F46-1CEA-47ED-A286-5333F1616194}.Ad-Hoc|iPhone.ActiveCfg = Release|Any CPU
		{B74E7F46-1CEA-47ED-A286-5333F1616194}.Ad-Hoc|iPhone.Build.0 = Release|Any CPU
		{B74E7F46-1CEA-47ED-A286-5333F1616194}.Ad-Hoc|iPhone.Deploy.0 = Release|Any CPU
		{B74E7F46-1CEA-47ED-A286-5333F1616194}.Ad-Hoc|iPhoneSimulator.ActiveCfg = Release|Any CPU
		{B74E7F46-1CEA-47ED-A286-5333F1616194}.Ad-Hoc|iPhoneSimulator.Build.0 = Release|Any CPU
		{B74E7F46-1CEA-47ED-A286-5333F1616194}.Ad-Hoc|iPhoneSimulator.Deploy.0 = Release|Any CPU
		{B74E7F46-1CEA-47ED-A286-5333F1616194}.Ad-Hoc|x64.ActiveCfg = Release|Any CPU
		{B74E7F46-1CEA-47ED-A286-5333F1616194}.Ad-Hoc|x64.Build.0 = Release|Any CPU
		{B74E7F46-1CEA-47ED-A286-5333F1616194}.Ad-Hoc|x64.Deploy.0 = Release|Any CPU
		{B74E7F46-1CEA-47ED-A286-5333F1616194}.Ad-Hoc|x86.ActiveCfg = Release|Any CPU
		{B74E7F46-1CEA-47ED-A286-5333F1616194}.Ad-Hoc|x86.Build.0 = Release|Any CPU
		{B74E7F46-1CEA-47ED-A286-5333F1616194}.Ad-Hoc|x86.Deploy.0 = Release|Any CPU
		{B74E7F46-1CEA-47ED-A286-5333F1616194}.AppStore|Any CPU.ActiveCfg = Release|Any CPU
		{B74E7F46-1CEA-47ED-A286-5333F1616194}.AppStore|Any CPU.Build.0 = Release|Any CPU
		{B74E7F46-1CEA-47ED-A286-5333F1616194}.AppStore|Any CPU.Deploy.0 = Release|Any CPU
		{B74E7F46-1CEA-47ED-A286-5333F1616194}.AppStore|ARM.ActiveCfg = Release|Any CPU
		{B74E7F46-1CEA-47ED-A286-5333F1616194}.AppStore|ARM.Build.0 = Release|Any CPU
		{B74E7F46-1CEA-47ED-A286-5333F1616194}.AppStore|ARM.Deploy.0 = Release|Any CPU
		{B74E7F46-1CEA-47ED-A286-5333F1616194}.AppStore|iPhone.ActiveCfg = Release|Any CPU
		{B74E7F46-1CEA-47ED-A286-5333F1616194}.AppStore|iPhone.Build.0 = Release|Any CPU
		{B74E7F46-1CEA-47ED-A286-5333F1616194}.AppStore|iPhone.Deploy.0 = Release|Any CPU
		{B74E7F46-1CEA-47ED-A286-5333F1616194}.AppStore|iPhoneSimulator.ActiveCfg = Release|Any CPU
		{B74E7F46-1CEA-47ED-A286-5333F1616194}.AppStore|iPhoneSimulator.Build.0 = Release|Any CPU
		{B74E7F46-1CEA-47ED-A286-5333F1616194}.AppStore|iPhoneSimulator.Deploy.0 = Release|Any CPU
		{B74E7F46-1CEA-47ED-A286-5333F1616194}.AppStore|x64.ActiveCfg = Release|Any CPU
		{B74E7F46-1CEA-47ED-A286-5333F1616194}.AppStore|x64.Build.0 = Release|Any CPU
		{B74E7F46-1CEA-47ED-A286-5333F1616194}.AppStore|x64.Deploy.0 = Release|Any CPU
		{B74E7F46-1CEA-47ED-A286-5333F1616194}.AppStore|x86.ActiveCfg = Release|Any CPU
		{B74E7F46-1CEA-47ED-A286-5333F1616194}.AppStore|x86.Build.0 = Release|Any CPU
		{B74E7F46-1CEA-47ED-A286-5333F1616194}.AppStore|x86.Deploy.0 = Release|Any CPU
		{B74E7F46-1CEA-47ED-A286-5333F1616194}.Debug|Any CPU.ActiveCfg = Debug|Any CPU
		{B74E7F46-1CEA-47ED-A286-5333F1616194}.Debug|Any CPU.Build.0 = Debug|Any CPU
		{B74E7F46-1CEA-47ED-A286-5333F1616194}.Debug|Any CPU.Deploy.0 = Debug|Any CPU
		{B74E7F46-1CEA-47ED-A286-5333F1616194}.Debug|ARM.ActiveCfg = Debug|Any CPU
		{B74E7F46-1CEA-47ED-A286-5333F1616194}.Debug|ARM.Build.0 = Debug|Any CPU
		{B74E7F46-1CEA-47ED-A286-5333F1616194}.Debug|ARM.Deploy.0 = Debug|Any CPU
		{B74E7F46-1CEA-47ED-A286-5333F1616194}.Debug|iPhone.ActiveCfg = Debug|Any CPU
		{B74E7F46-1CEA-47ED-A286-5333F1616194}.Debug|iPhone.Build.0 = Debug|Any CPU
		{B74E7F46-1CEA-47ED-A286-5333F1616194}.Debug|iPhone.Deploy.0 = Debug|Any CPU
		{B74E7F46-1CEA-47ED-A286-5333F1616194}.Debug|iPhoneSimulator.ActiveCfg = Debug|Any CPU
		{B74E7F46-1CEA-47ED-A286-5333F1616194}.Debug|iPhoneSimulator.Build.0 = Debug|Any CPU
		{B74E7F46-1CEA-47ED-A286-5333F1616194}.Debug|x64.ActiveCfg = Debug|Any CPU
		{B74E7F46-1CEA-47ED-A286-5333F1616194}.Debug|x64.Build.0 = Debug|Any CPU
		{B74E7F46-1CEA-47ED-A286-5333F1616194}.Debug|x64.Deploy.0 = Debug|Any CPU
		{B74E7F46-1CEA-47ED-A286-5333F1616194}.Debug|x86.ActiveCfg = Debug|Any CPU
		{B74E7F46-1CEA-47ED-A286-5333F1616194}.Debug|x86.Build.0 = Debug|Any CPU
		{B74E7F46-1CEA-47ED-A286-5333F1616194}.Debug|x86.Deploy.0 = Debug|Any CPU
		{B74E7F46-1CEA-47ED-A286-5333F1616194}.Release|Any CPU.ActiveCfg = Release|Any CPU
		{B74E7F46-1CEA-47ED-A286-5333F1616194}.Release|ARM.ActiveCfg = Release|Any CPU
		{B74E7F46-1CEA-47ED-A286-5333F1616194}.Release|ARM.Build.0 = Release|Any CPU
		{B74E7F46-1CEA-47ED-A286-5333F1616194}.Release|ARM.Deploy.0 = Release|Any CPU
		{B74E7F46-1CEA-47ED-A286-5333F1616194}.Release|iPhone.ActiveCfg = Release|Any CPU
		{B74E7F46-1CEA-47ED-A286-5333F1616194}.Release|iPhone.Build.0 = Release|Any CPU
		{B74E7F46-1CEA-47ED-A286-5333F1616194}.Release|iPhone.Deploy.0 = Release|Any CPU
		{B74E7F46-1CEA-47ED-A286-5333F1616194}.Release|iPhoneSimulator.ActiveCfg = Release|Any CPU
		{B74E7F46-1CEA-47ED-A286-5333F1616194}.Release|iPhoneSimulator.Build.0 = Release|Any CPU
		{B74E7F46-1CEA-47ED-A286-5333F1616194}.Release|iPhoneSimulator.Deploy.0 = Release|Any CPU
		{B74E7F46-1CEA-47ED-A286-5333F1616194}.Release|x64.ActiveCfg = Release|Any CPU
		{B74E7F46-1CEA-47ED-A286-5333F1616194}.Release|x64.Build.0 = Release|Any CPU
		{B74E7F46-1CEA-47ED-A286-5333F1616194}.Release|x64.Deploy.0 = Release|Any CPU
		{B74E7F46-1CEA-47ED-A286-5333F1616194}.Release|x86.ActiveCfg = Release|Any CPU
		{B74E7F46-1CEA-47ED-A286-5333F1616194}.Release|x86.Build.0 = Release|Any CPU
		{B74E7F46-1CEA-47ED-A286-5333F1616194}.Release|x86.Deploy.0 = Release|Any CPU
		{47D44D55-0BC0-432D-B88F-49E89EFEE592}.Ad-Hoc|Any CPU.ActiveCfg = Ad-Hoc|iPhone
		{47D44D55-0BC0-432D-B88F-49E89EFEE592}.Ad-Hoc|ARM.ActiveCfg = Ad-Hoc|iPhone
		{47D44D55-0BC0-432D-B88F-49E89EFEE592}.Ad-Hoc|iPhone.ActiveCfg = Ad-Hoc|iPhone
		{47D44D55-0BC0-432D-B88F-49E89EFEE592}.Ad-Hoc|iPhone.Build.0 = Ad-Hoc|iPhone
		{47D44D55-0BC0-432D-B88F-49E89EFEE592}.Ad-Hoc|iPhoneSimulator.ActiveCfg = Ad-Hoc|iPhoneSimulator
		{47D44D55-0BC0-432D-B88F-49E89EFEE592}.Ad-Hoc|iPhoneSimulator.Build.0 = Ad-Hoc|iPhoneSimulator
		{47D44D55-0BC0-432D-B88F-49E89EFEE592}.Ad-Hoc|x64.ActiveCfg = Ad-Hoc|iPhone
		{47D44D55-0BC0-432D-B88F-49E89EFEE592}.Ad-Hoc|x86.ActiveCfg = Ad-Hoc|iPhone
		{47D44D55-0BC0-432D-B88F-49E89EFEE592}.AppStore|Any CPU.ActiveCfg = AppStore|iPhone
		{47D44D55-0BC0-432D-B88F-49E89EFEE592}.AppStore|ARM.ActiveCfg = AppStore|iPhone
		{47D44D55-0BC0-432D-B88F-49E89EFEE592}.AppStore|iPhone.ActiveCfg = AppStore|iPhone
		{47D44D55-0BC0-432D-B88F-49E89EFEE592}.AppStore|iPhone.Build.0 = AppStore|iPhone
		{47D44D55-0BC0-432D-B88F-49E89EFEE592}.AppStore|iPhoneSimulator.ActiveCfg = AppStore|iPhoneSimulator
		{47D44D55-0BC0-432D-B88F-49E89EFEE592}.AppStore|iPhoneSimulator.Build.0 = AppStore|iPhoneSimulator
		{47D44D55-0BC0-432D-B88F-49E89EFEE592}.AppStore|x64.ActiveCfg = AppStore|iPhone
		{47D44D55-0BC0-432D-B88F-49E89EFEE592}.AppStore|x86.ActiveCfg = AppStore|iPhone
		{47D44D55-0BC0-432D-B88F-49E89EFEE592}.Debug|Any CPU.ActiveCfg = Debug|iPhone
		{47D44D55-0BC0-432D-B88F-49E89EFEE592}.Debug|ARM.ActiveCfg = Debug|iPhone
		{47D44D55-0BC0-432D-B88F-49E89EFEE592}.Debug|iPhone.ActiveCfg = Debug|iPhone
		{47D44D55-0BC0-432D-B88F-49E89EFEE592}.Debug|iPhone.Build.0 = Debug|iPhone
		{47D44D55-0BC0-432D-B88F-49E89EFEE592}.Debug|iPhoneSimulator.ActiveCfg = Debug|iPhoneSimulator
		{47D44D55-0BC0-432D-B88F-49E89EFEE592}.Debug|iPhoneSimulator.Build.0 = Debug|iPhoneSimulator
		{47D44D55-0BC0-432D-B88F-49E89EFEE592}.Debug|x64.ActiveCfg = Debug|iPhone
		{47D44D55-0BC0-432D-B88F-49E89EFEE592}.Debug|x86.ActiveCfg = Debug|iPhone
		{47D44D55-0BC0-432D-B88F-49E89EFEE592}.Release|Any CPU.ActiveCfg = Release|iPhone
		{47D44D55-0BC0-432D-B88F-49E89EFEE592}.Release|ARM.ActiveCfg = Release|iPhone
		{47D44D55-0BC0-432D-B88F-49E89EFEE592}.Release|iPhone.ActiveCfg = Release|iPhone
		{47D44D55-0BC0-432D-B88F-49E89EFEE592}.Release|iPhone.Build.0 = Release|iPhone
		{47D44D55-0BC0-432D-B88F-49E89EFEE592}.Release|iPhoneSimulator.ActiveCfg = Release|iPhoneSimulator
		{47D44D55-0BC0-432D-B88F-49E89EFEE592}.Release|iPhoneSimulator.Build.0 = Release|iPhoneSimulator
		{47D44D55-0BC0-432D-B88F-49E89EFEE592}.Release|x64.ActiveCfg = Release|iPhone
		{47D44D55-0BC0-432D-B88F-49E89EFEE592}.Release|x86.ActiveCfg = Release|iPhone
		{6FA2646B-AF08-4434-BC80-7736BE791F2E}.Ad-Hoc|Any CPU.ActiveCfg = Release|x64
		{6FA2646B-AF08-4434-BC80-7736BE791F2E}.Ad-Hoc|Any CPU.Build.0 = Release|x64
		{6FA2646B-AF08-4434-BC80-7736BE791F2E}.Ad-Hoc|Any CPU.Deploy.0 = Release|x64
		{6FA2646B-AF08-4434-BC80-7736BE791F2E}.Ad-Hoc|ARM.ActiveCfg = Release|ARM
		{6FA2646B-AF08-4434-BC80-7736BE791F2E}.Ad-Hoc|ARM.Build.0 = Release|ARM
		{6FA2646B-AF08-4434-BC80-7736BE791F2E}.Ad-Hoc|ARM.Deploy.0 = Release|ARM
		{6FA2646B-AF08-4434-BC80-7736BE791F2E}.Ad-Hoc|iPhone.ActiveCfg = Release|x64
		{6FA2646B-AF08-4434-BC80-7736BE791F2E}.Ad-Hoc|iPhone.Build.0 = Release|x64
		{6FA2646B-AF08-4434-BC80-7736BE791F2E}.Ad-Hoc|iPhone.Deploy.0 = Release|x64
		{6FA2646B-AF08-4434-BC80-7736BE791F2E}.Ad-Hoc|iPhoneSimulator.ActiveCfg = Release|x64
		{6FA2646B-AF08-4434-BC80-7736BE791F2E}.Ad-Hoc|iPhoneSimulator.Build.0 = Release|x64
		{6FA2646B-AF08-4434-BC80-7736BE791F2E}.Ad-Hoc|iPhoneSimulator.Deploy.0 = Release|x64
		{6FA2646B-AF08-4434-BC80-7736BE791F2E}.Ad-Hoc|x64.ActiveCfg = Release|x64
		{6FA2646B-AF08-4434-BC80-7736BE791F2E}.Ad-Hoc|x64.Build.0 = Release|x64
		{6FA2646B-AF08-4434-BC80-7736BE791F2E}.Ad-Hoc|x64.Deploy.0 = Release|x64
		{6FA2646B-AF08-4434-BC80-7736BE791F2E}.Ad-Hoc|x86.ActiveCfg = Release|x86
		{6FA2646B-AF08-4434-BC80-7736BE791F2E}.Ad-Hoc|x86.Build.0 = Release|x86
		{6FA2646B-AF08-4434-BC80-7736BE791F2E}.Ad-Hoc|x86.Deploy.0 = Release|x86
		{6FA2646B-AF08-4434-BC80-7736BE791F2E}.AppStore|Any CPU.ActiveCfg = Release|x64
		{6FA2646B-AF08-4434-BC80-7736BE791F2E}.AppStore|Any CPU.Build.0 = Release|x64
		{6FA2646B-AF08-4434-BC80-7736BE791F2E}.AppStore|Any CPU.Deploy.0 = Release|x64
		{6FA2646B-AF08-4434-BC80-7736BE791F2E}.AppStore|ARM.ActiveCfg = Release|ARM
		{6FA2646B-AF08-4434-BC80-7736BE791F2E}.AppStore|ARM.Build.0 = Release|ARM
		{6FA2646B-AF08-4434-BC80-7736BE791F2E}.AppStore|ARM.Deploy.0 = Release|ARM
		{6FA2646B-AF08-4434-BC80-7736BE791F2E}.AppStore|iPhone.ActiveCfg = Release|x64
		{6FA2646B-AF08-4434-BC80-7736BE791F2E}.AppStore|iPhone.Build.0 = Release|x64
		{6FA2646B-AF08-4434-BC80-7736BE791F2E}.AppStore|iPhone.Deploy.0 = Release|x64
		{6FA2646B-AF08-4434-BC80-7736BE791F2E}.AppStore|iPhoneSimulator.ActiveCfg = Release|x64
		{6FA2646B-AF08-4434-BC80-7736BE791F2E}.AppStore|iPhoneSimulator.Build.0 = Release|x64
		{6FA2646B-AF08-4434-BC80-7736BE791F2E}.AppStore|iPhoneSimulator.Deploy.0 = Release|x64
		{6FA2646B-AF08-4434-BC80-7736BE791F2E}.AppStore|x64.ActiveCfg = Release|x64
		{6FA2646B-AF08-4434-BC80-7736BE791F2E}.AppStore|x64.Build.0 = Release|x64
		{6FA2646B-AF08-4434-BC80-7736BE791F2E}.AppStore|x64.Deploy.0 = Release|x64
		{6FA2646B-AF08-4434-BC80-7736BE791F2E}.AppStore|x86.ActiveCfg = Release|x86
		{6FA2646B-AF08-4434-BC80-7736BE791F2E}.AppStore|x86.Build.0 = Release|x86
		{6FA2646B-AF08-4434-BC80-7736BE791F2E}.AppStore|x86.Deploy.0 = Release|x86
		{6FA2646B-AF08-4434-BC80-7736BE791F2E}.Debug|Any CPU.ActiveCfg = Debug|x86
		{6FA2646B-AF08-4434-BC80-7736BE791F2E}.Debug|ARM.ActiveCfg = Debug|ARM
		{6FA2646B-AF08-4434-BC80-7736BE791F2E}.Debug|ARM.Build.0 = Debug|ARM
		{6FA2646B-AF08-4434-BC80-7736BE791F2E}.Debug|ARM.Deploy.0 = Debug|ARM
		{6FA2646B-AF08-4434-BC80-7736BE791F2E}.Debug|iPhone.ActiveCfg = Debug|x86
		{6FA2646B-AF08-4434-BC80-7736BE791F2E}.Debug|iPhoneSimulator.ActiveCfg = Debug|x86
		{6FA2646B-AF08-4434-BC80-7736BE791F2E}.Debug|x64.ActiveCfg = Debug|x64
		{6FA2646B-AF08-4434-BC80-7736BE791F2E}.Debug|x64.Build.0 = Debug|x64
		{6FA2646B-AF08-4434-BC80-7736BE791F2E}.Debug|x64.Deploy.0 = Debug|x64
		{6FA2646B-AF08-4434-BC80-7736BE791F2E}.Debug|x86.ActiveCfg = Debug|x86
		{6FA2646B-AF08-4434-BC80-7736BE791F2E}.Debug|x86.Build.0 = Debug|x86
		{6FA2646B-AF08-4434-BC80-7736BE791F2E}.Debug|x86.Deploy.0 = Debug|x86
		{6FA2646B-AF08-4434-BC80-7736BE791F2E}.Release|Any CPU.ActiveCfg = Release|x86
		{6FA2646B-AF08-4434-BC80-7736BE791F2E}.Release|ARM.ActiveCfg = Release|ARM
		{6FA2646B-AF08-4434-BC80-7736BE791F2E}.Release|ARM.Build.0 = Release|ARM
		{6FA2646B-AF08-4434-BC80-7736BE791F2E}.Release|ARM.Deploy.0 = Release|ARM
		{6FA2646B-AF08-4434-BC80-7736BE791F2E}.Release|iPhone.ActiveCfg = Release|x86
		{6FA2646B-AF08-4434-BC80-7736BE791F2E}.Release|iPhoneSimulator.ActiveCfg = Release|x86
		{6FA2646B-AF08-4434-BC80-7736BE791F2E}.Release|x64.ActiveCfg = Release|x64
		{6FA2646B-AF08-4434-BC80-7736BE791F2E}.Release|x64.Build.0 = Release|x64
		{6FA2646B-AF08-4434-BC80-7736BE791F2E}.Release|x64.Deploy.0 = Release|x64
		{6FA2646B-AF08-4434-BC80-7736BE791F2E}.Release|x86.ActiveCfg = Release|x86
		{6FA2646B-AF08-4434-BC80-7736BE791F2E}.Release|x86.Build.0 = Release|x86
		{6FA2646B-AF08-4434-BC80-7736BE791F2E}.Release|x86.Deploy.0 = Release|x86
		{376EC259-332D-494D-AB0A-B45C9790E7E3}.Ad-Hoc|Any CPU.ActiveCfg = Release|Any CPU
		{376EC259-332D-494D-AB0A-B45C9790E7E3}.Ad-Hoc|Any CPU.Build.0 = Release|Any CPU
		{376EC259-332D-494D-AB0A-B45C9790E7E3}.Ad-Hoc|ARM.ActiveCfg = Release|Any CPU
		{376EC259-332D-494D-AB0A-B45C9790E7E3}.Ad-Hoc|ARM.Build.0 = Release|Any CPU
		{376EC259-332D-494D-AB0A-B45C9790E7E3}.Ad-Hoc|iPhone.ActiveCfg = Release|Any CPU
		{376EC259-332D-494D-AB0A-B45C9790E7E3}.Ad-Hoc|iPhone.Build.0 = Release|Any CPU
		{376EC259-332D-494D-AB0A-B45C9790E7E3}.Ad-Hoc|iPhoneSimulator.ActiveCfg = Release|Any CPU
		{376EC259-332D-494D-AB0A-B45C9790E7E3}.Ad-Hoc|iPhoneSimulator.Build.0 = Release|Any CPU
		{376EC259-332D-494D-AB0A-B45C9790E7E3}.Ad-Hoc|x64.ActiveCfg = Release|Any CPU
		{376EC259-332D-494D-AB0A-B45C9790E7E3}.Ad-Hoc|x64.Build.0 = Release|Any CPU
		{376EC259-332D-494D-AB0A-B45C9790E7E3}.Ad-Hoc|x86.ActiveCfg = Release|Any CPU
		{376EC259-332D-494D-AB0A-B45C9790E7E3}.Ad-Hoc|x86.Build.0 = Release|Any CPU
		{376EC259-332D-494D-AB0A-B45C9790E7E3}.AppStore|Any CPU.ActiveCfg = Release|Any CPU
		{376EC259-332D-494D-AB0A-B45C9790E7E3}.AppStore|Any CPU.Build.0 = Release|Any CPU
		{376EC259-332D-494D-AB0A-B45C9790E7E3}.AppStore|ARM.ActiveCfg = Release|Any CPU
		{376EC259-332D-494D-AB0A-B45C9790E7E3}.AppStore|ARM.Build.0 = Release|Any CPU
		{376EC259-332D-494D-AB0A-B45C9790E7E3}.AppStore|iPhone.ActiveCfg = Release|Any CPU
		{376EC259-332D-494D-AB0A-B45C9790E7E3}.AppStore|iPhone.Build.0 = Release|Any CPU
		{376EC259-332D-494D-AB0A-B45C9790E7E3}.AppStore|iPhoneSimulator.ActiveCfg = Release|Any CPU
		{376EC259-332D-494D-AB0A-B45C9790E7E3}.AppStore|iPhoneSimulator.Build.0 = Release|Any CPU
		{376EC259-332D-494D-AB0A-B45C9790E7E3}.AppStore|x64.ActiveCfg = Release|Any CPU
		{376EC259-332D-494D-AB0A-B45C9790E7E3}.AppStore|x64.Build.0 = Release|Any CPU
		{376EC259-332D-494D-AB0A-B45C9790E7E3}.AppStore|x86.ActiveCfg = Release|Any CPU
		{376EC259-332D-494D-AB0A-B45C9790E7E3}.AppStore|x86.Build.0 = Release|Any CPU
		{376EC259-332D-494D-AB0A-B45C9790E7E3}.Debug|Any CPU.ActiveCfg = Debug|Any CPU
		{376EC259-332D-494D-AB0A-B45C9790E7E3}.Debug|Any CPU.Build.0 = Debug|Any CPU
		{376EC259-332D-494D-AB0A-B45C9790E7E3}.Debug|ARM.ActiveCfg = Debug|Any CPU
		{376EC259-332D-494D-AB0A-B45C9790E7E3}.Debug|ARM.Build.0 = Debug|Any CPU
		{376EC259-332D-494D-AB0A-B45C9790E7E3}.Debug|iPhone.ActiveCfg = Debug|Any CPU
		{376EC259-332D-494D-AB0A-B45C9790E7E3}.Debug|iPhone.Build.0 = Debug|Any CPU
		{376EC259-332D-494D-AB0A-B45C9790E7E3}.Debug|iPhoneSimulator.ActiveCfg = Debug|Any CPU
		{376EC259-332D-494D-AB0A-B45C9790E7E3}.Debug|iPhoneSimulator.Build.0 = Debug|Any CPU
		{376EC259-332D-494D-AB0A-B45C9790E7E3}.Debug|x64.ActiveCfg = Debug|Any CPU
		{376EC259-332D-494D-AB0A-B45C9790E7E3}.Debug|x64.Build.0 = Debug|Any CPU
		{376EC259-332D-494D-AB0A-B45C9790E7E3}.Debug|x86.ActiveCfg = Debug|Any CPU
		{376EC259-332D-494D-AB0A-B45C9790E7E3}.Debug|x86.Build.0 = Debug|Any CPU
		{376EC259-332D-494D-AB0A-B45C9790E7E3}.Release|Any CPU.ActiveCfg = Release|Any CPU
		{376EC259-332D-494D-AB0A-B45C9790E7E3}.Release|Any CPU.Build.0 = Release|Any CPU
		{376EC259-332D-494D-AB0A-B45C9790E7E3}.Release|ARM.ActiveCfg = Release|Any CPU
		{376EC259-332D-494D-AB0A-B45C9790E7E3}.Release|ARM.Build.0 = Release|Any CPU
		{376EC259-332D-494D-AB0A-B45C9790E7E3}.Release|iPhone.ActiveCfg = Release|Any CPU
		{376EC259-332D-494D-AB0A-B45C9790E7E3}.Release|iPhone.Build.0 = Release|Any CPU
		{376EC259-332D-494D-AB0A-B45C9790E7E3}.Release|iPhoneSimulator.ActiveCfg = Release|Any CPU
		{376EC259-332D-494D-AB0A-B45C9790E7E3}.Release|iPhoneSimulator.Build.0 = Release|Any CPU
		{376EC259-332D-494D-AB0A-B45C9790E7E3}.Release|x64.ActiveCfg = Release|Any CPU
		{376EC259-332D-494D-AB0A-B45C9790E7E3}.Release|x64.Build.0 = Release|Any CPU
		{376EC259-332D-494D-AB0A-B45C9790E7E3}.Release|x86.ActiveCfg = Release|Any CPU
		{376EC259-332D-494D-AB0A-B45C9790E7E3}.Release|x86.Build.0 = Release|Any CPU
		{B9C51ABA-4C2F-4F2A-BAE7-1B82234FE980}.Ad-Hoc|Any CPU.ActiveCfg = Release|Any CPU
		{B9C51ABA-4C2F-4F2A-BAE7-1B82234FE980}.Ad-Hoc|Any CPU.Build.0 = Release|Any CPU
		{B9C51ABA-4C2F-4F2A-BAE7-1B82234FE980}.Ad-Hoc|ARM.ActiveCfg = Release|Any CPU
		{B9C51ABA-4C2F-4F2A-BAE7-1B82234FE980}.Ad-Hoc|ARM.Build.0 = Release|Any CPU
		{B9C51ABA-4C2F-4F2A-BAE7-1B82234FE980}.Ad-Hoc|iPhone.ActiveCfg = Release|Any CPU
		{B9C51ABA-4C2F-4F2A-BAE7-1B82234FE980}.Ad-Hoc|iPhone.Build.0 = Release|Any CPU
		{B9C51ABA-4C2F-4F2A-BAE7-1B82234FE980}.Ad-Hoc|iPhoneSimulator.ActiveCfg = Release|Any CPU
		{B9C51ABA-4C2F-4F2A-BAE7-1B82234FE980}.Ad-Hoc|iPhoneSimulator.Build.0 = Release|Any CPU
		{B9C51ABA-4C2F-4F2A-BAE7-1B82234FE980}.Ad-Hoc|x64.ActiveCfg = Release|Any CPU
		{B9C51ABA-4C2F-4F2A-BAE7-1B82234FE980}.Ad-Hoc|x64.Build.0 = Release|Any CPU
		{B9C51ABA-4C2F-4F2A-BAE7-1B82234FE980}.Ad-Hoc|x86.ActiveCfg = Release|Any CPU
		{B9C51ABA-4C2F-4F2A-BAE7-1B82234FE980}.Ad-Hoc|x86.Build.0 = Release|Any CPU
		{B9C51ABA-4C2F-4F2A-BAE7-1B82234FE980}.AppStore|Any CPU.ActiveCfg = Release|Any CPU
		{B9C51ABA-4C2F-4F2A-BAE7-1B82234FE980}.AppStore|Any CPU.Build.0 = Release|Any CPU
		{B9C51ABA-4C2F-4F2A-BAE7-1B82234FE980}.AppStore|ARM.ActiveCfg = Release|Any CPU
		{B9C51ABA-4C2F-4F2A-BAE7-1B82234FE980}.AppStore|ARM.Build.0 = Release|Any CPU
		{B9C51ABA-4C2F-4F2A-BAE7-1B82234FE980}.AppStore|iPhone.ActiveCfg = Release|Any CPU
		{B9C51ABA-4C2F-4F2A-BAE7-1B82234FE980}.AppStore|iPhone.Build.0 = Release|Any CPU
		{B9C51ABA-4C2F-4F2A-BAE7-1B82234FE980}.AppStore|iPhoneSimulator.ActiveCfg = Release|Any CPU
		{B9C51ABA-4C2F-4F2A-BAE7-1B82234FE980}.AppStore|iPhoneSimulator.Build.0 = Release|Any CPU
		{B9C51ABA-4C2F-4F2A-BAE7-1B82234FE980}.AppStore|x64.ActiveCfg = Release|Any CPU
		{B9C51ABA-4C2F-4F2A-BAE7-1B82234FE980}.AppStore|x64.Build.0 = Release|Any CPU
		{B9C51ABA-4C2F-4F2A-BAE7-1B82234FE980}.AppStore|x86.ActiveCfg = Release|Any CPU
		{B9C51ABA-4C2F-4F2A-BAE7-1B82234FE980}.AppStore|x86.Build.0 = Release|Any CPU
		{B9C51ABA-4C2F-4F2A-BAE7-1B82234FE980}.Debug|Any CPU.ActiveCfg = Debug|Any CPU
		{B9C51ABA-4C2F-4F2A-BAE7-1B82234FE980}.Debug|Any CPU.Build.0 = Debug|Any CPU
		{B9C51ABA-4C2F-4F2A-BAE7-1B82234FE980}.Debug|ARM.ActiveCfg = Debug|Any CPU
		{B9C51ABA-4C2F-4F2A-BAE7-1B82234FE980}.Debug|ARM.Build.0 = Debug|Any CPU
		{B9C51ABA-4C2F-4F2A-BAE7-1B82234FE980}.Debug|iPhone.ActiveCfg = Debug|Any CPU
		{B9C51ABA-4C2F-4F2A-BAE7-1B82234FE980}.Debug|iPhone.Build.0 = Debug|Any CPU
		{B9C51ABA-4C2F-4F2A-BAE7-1B82234FE980}.Debug|iPhoneSimulator.ActiveCfg = Debug|Any CPU
		{B9C51ABA-4C2F-4F2A-BAE7-1B82234FE980}.Debug|iPhoneSimulator.Build.0 = Debug|Any CPU
		{B9C51ABA-4C2F-4F2A-BAE7-1B82234FE980}.Debug|x64.ActiveCfg = Debug|Any CPU
		{B9C51ABA-4C2F-4F2A-BAE7-1B82234FE980}.Debug|x64.Build.0 = Debug|Any CPU
		{B9C51ABA-4C2F-4F2A-BAE7-1B82234FE980}.Debug|x86.ActiveCfg = Debug|Any CPU
		{B9C51ABA-4C2F-4F2A-BAE7-1B82234FE980}.Debug|x86.Build.0 = Debug|Any CPU
		{B9C51ABA-4C2F-4F2A-BAE7-1B82234FE980}.Release|Any CPU.ActiveCfg = Release|Any CPU
		{B9C51ABA-4C2F-4F2A-BAE7-1B82234FE980}.Release|ARM.ActiveCfg = Release|Any CPU
		{B9C51ABA-4C2F-4F2A-BAE7-1B82234FE980}.Release|ARM.Build.0 = Release|Any CPU
		{B9C51ABA-4C2F-4F2A-BAE7-1B82234FE980}.Release|iPhone.ActiveCfg = Release|Any CPU
		{B9C51ABA-4C2F-4F2A-BAE7-1B82234FE980}.Release|iPhone.Build.0 = Release|Any CPU
		{B9C51ABA-4C2F-4F2A-BAE7-1B82234FE980}.Release|iPhoneSimulator.ActiveCfg = Release|Any CPU
		{B9C51ABA-4C2F-4F2A-BAE7-1B82234FE980}.Release|iPhoneSimulator.Build.0 = Release|Any CPU
		{B9C51ABA-4C2F-4F2A-BAE7-1B82234FE980}.Release|x64.ActiveCfg = Release|Any CPU
		{B9C51ABA-4C2F-4F2A-BAE7-1B82234FE980}.Release|x64.Build.0 = Release|Any CPU
		{B9C51ABA-4C2F-4F2A-BAE7-1B82234FE980}.Release|x86.ActiveCfg = Release|Any CPU
		{B9C51ABA-4C2F-4F2A-BAE7-1B82234FE980}.Release|x86.Build.0 = Release|Any CPU
		{38CB368D-5DEF-4471-944C-AD63A2DDDCF5}.Ad-Hoc|Any CPU.ActiveCfg = Release|Any CPU
		{38CB368D-5DEF-4471-944C-AD63A2DDDCF5}.Ad-Hoc|Any CPU.Build.0 = Release|Any CPU
		{38CB368D-5DEF-4471-944C-AD63A2DDDCF5}.Ad-Hoc|ARM.ActiveCfg = Release|Any CPU
		{38CB368D-5DEF-4471-944C-AD63A2DDDCF5}.Ad-Hoc|ARM.Build.0 = Release|Any CPU
		{38CB368D-5DEF-4471-944C-AD63A2DDDCF5}.Ad-Hoc|iPhone.ActiveCfg = Release|Any CPU
		{38CB368D-5DEF-4471-944C-AD63A2DDDCF5}.Ad-Hoc|iPhone.Build.0 = Release|Any CPU
		{38CB368D-5DEF-4471-944C-AD63A2DDDCF5}.Ad-Hoc|iPhoneSimulator.ActiveCfg = Release|Any CPU
		{38CB368D-5DEF-4471-944C-AD63A2DDDCF5}.Ad-Hoc|iPhoneSimulator.Build.0 = Release|Any CPU
		{38CB368D-5DEF-4471-944C-AD63A2DDDCF5}.Ad-Hoc|x64.ActiveCfg = Release|Any CPU
		{38CB368D-5DEF-4471-944C-AD63A2DDDCF5}.Ad-Hoc|x64.Build.0 = Release|Any CPU
		{38CB368D-5DEF-4471-944C-AD63A2DDDCF5}.Ad-Hoc|x86.ActiveCfg = Release|Any CPU
		{38CB368D-5DEF-4471-944C-AD63A2DDDCF5}.Ad-Hoc|x86.Build.0 = Release|Any CPU
		{38CB368D-5DEF-4471-944C-AD63A2DDDCF5}.AppStore|Any CPU.ActiveCfg = Release|Any CPU
		{38CB368D-5DEF-4471-944C-AD63A2DDDCF5}.AppStore|Any CPU.Build.0 = Release|Any CPU
		{38CB368D-5DEF-4471-944C-AD63A2DDDCF5}.AppStore|ARM.ActiveCfg = Release|Any CPU
		{38CB368D-5DEF-4471-944C-AD63A2DDDCF5}.AppStore|ARM.Build.0 = Release|Any CPU
		{38CB368D-5DEF-4471-944C-AD63A2DDDCF5}.AppStore|iPhone.ActiveCfg = Release|Any CPU
		{38CB368D-5DEF-4471-944C-AD63A2DDDCF5}.AppStore|iPhone.Build.0 = Release|Any CPU
		{38CB368D-5DEF-4471-944C-AD63A2DDDCF5}.AppStore|iPhoneSimulator.ActiveCfg = Release|Any CPU
		{38CB368D-5DEF-4471-944C-AD63A2DDDCF5}.AppStore|iPhoneSimulator.Build.0 = Release|Any CPU
		{38CB368D-5DEF-4471-944C-AD63A2DDDCF5}.AppStore|x64.ActiveCfg = Release|Any CPU
		{38CB368D-5DEF-4471-944C-AD63A2DDDCF5}.AppStore|x64.Build.0 = Release|Any CPU
		{38CB368D-5DEF-4471-944C-AD63A2DDDCF5}.AppStore|x86.ActiveCfg = Release|Any CPU
		{38CB368D-5DEF-4471-944C-AD63A2DDDCF5}.AppStore|x86.Build.0 = Release|Any CPU
		{38CB368D-5DEF-4471-944C-AD63A2DDDCF5}.Debug|Any CPU.ActiveCfg = Debug|Any CPU
		{38CB368D-5DEF-4471-944C-AD63A2DDDCF5}.Debug|Any CPU.Build.0 = Debug|Any CPU
		{38CB368D-5DEF-4471-944C-AD63A2DDDCF5}.Debug|ARM.ActiveCfg = Debug|Any CPU
		{38CB368D-5DEF-4471-944C-AD63A2DDDCF5}.Debug|ARM.Build.0 = Debug|Any CPU
		{38CB368D-5DEF-4471-944C-AD63A2DDDCF5}.Debug|iPhone.ActiveCfg = Debug|Any CPU
		{38CB368D-5DEF-4471-944C-AD63A2DDDCF5}.Debug|iPhone.Build.0 = Debug|Any CPU
		{38CB368D-5DEF-4471-944C-AD63A2DDDCF5}.Debug|iPhoneSimulator.ActiveCfg = Debug|Any CPU
		{38CB368D-5DEF-4471-944C-AD63A2DDDCF5}.Debug|iPhoneSimulator.Build.0 = Debug|Any CPU
		{38CB368D-5DEF-4471-944C-AD63A2DDDCF5}.Debug|x64.ActiveCfg = Debug|Any CPU
		{38CB368D-5DEF-4471-944C-AD63A2DDDCF5}.Debug|x64.Build.0 = Debug|Any CPU
		{38CB368D-5DEF-4471-944C-AD63A2DDDCF5}.Debug|x86.ActiveCfg = Debug|Any CPU
		{38CB368D-5DEF-4471-944C-AD63A2DDDCF5}.Debug|x86.Build.0 = Debug|Any CPU
		{38CB368D-5DEF-4471-944C-AD63A2DDDCF5}.Release|Any CPU.ActiveCfg = Release|Any CPU
		{38CB368D-5DEF-4471-944C-AD63A2DDDCF5}.Release|Any CPU.Build.0 = Release|Any CPU
		{38CB368D-5DEF-4471-944C-AD63A2DDDCF5}.Release|ARM.ActiveCfg = Release|Any CPU
		{38CB368D-5DEF-4471-944C-AD63A2DDDCF5}.Release|ARM.Build.0 = Release|Any CPU
		{38CB368D-5DEF-4471-944C-AD63A2DDDCF5}.Release|iPhone.ActiveCfg = Release|Any CPU
		{38CB368D-5DEF-4471-944C-AD63A2DDDCF5}.Release|iPhone.Build.0 = Release|Any CPU
		{38CB368D-5DEF-4471-944C-AD63A2DDDCF5}.Release|iPhoneSimulator.ActiveCfg = Release|Any CPU
		{38CB368D-5DEF-4471-944C-AD63A2DDDCF5}.Release|iPhoneSimulator.Build.0 = Release|Any CPU
		{38CB368D-5DEF-4471-944C-AD63A2DDDCF5}.Release|x64.ActiveCfg = Release|Any CPU
		{38CB368D-5DEF-4471-944C-AD63A2DDDCF5}.Release|x64.Build.0 = Release|Any CPU
		{38CB368D-5DEF-4471-944C-AD63A2DDDCF5}.Release|x86.ActiveCfg = Release|Any CPU
		{38CB368D-5DEF-4471-944C-AD63A2DDDCF5}.Release|x86.Build.0 = Release|Any CPU
		{01315C6E-1BFF-4201-AF2C-A20DDBB06C57}.Ad-Hoc|Any CPU.ActiveCfg = Release|x86
		{01315C6E-1BFF-4201-AF2C-A20DDBB06C57}.Ad-Hoc|Any CPU.Build.0 = Release|x86
		{01315C6E-1BFF-4201-AF2C-A20DDBB06C57}.Ad-Hoc|ARM.ActiveCfg = Release|x86
		{01315C6E-1BFF-4201-AF2C-A20DDBB06C57}.Ad-Hoc|ARM.Build.0 = Release|x86
		{01315C6E-1BFF-4201-AF2C-A20DDBB06C57}.Ad-Hoc|iPhone.ActiveCfg = Release|x86
		{01315C6E-1BFF-4201-AF2C-A20DDBB06C57}.Ad-Hoc|iPhone.Build.0 = Release|x86
		{01315C6E-1BFF-4201-AF2C-A20DDBB06C57}.Ad-Hoc|iPhoneSimulator.ActiveCfg = Release|x86
		{01315C6E-1BFF-4201-AF2C-A20DDBB06C57}.Ad-Hoc|iPhoneSimulator.Build.0 = Release|x86
		{01315C6E-1BFF-4201-AF2C-A20DDBB06C57}.Ad-Hoc|x64.ActiveCfg = Release|x86
		{01315C6E-1BFF-4201-AF2C-A20DDBB06C57}.Ad-Hoc|x64.Build.0 = Release|x86
		{01315C6E-1BFF-4201-AF2C-A20DDBB06C57}.Ad-Hoc|x86.ActiveCfg = Release|x86
		{01315C6E-1BFF-4201-AF2C-A20DDBB06C57}.Ad-Hoc|x86.Build.0 = Release|x86
		{01315C6E-1BFF-4201-AF2C-A20DDBB06C57}.AppStore|Any CPU.ActiveCfg = Release|x86
		{01315C6E-1BFF-4201-AF2C-A20DDBB06C57}.AppStore|Any CPU.Build.0 = Release|x86
		{01315C6E-1BFF-4201-AF2C-A20DDBB06C57}.AppStore|ARM.ActiveCfg = Release|x86
		{01315C6E-1BFF-4201-AF2C-A20DDBB06C57}.AppStore|ARM.Build.0 = Release|x86
		{01315C6E-1BFF-4201-AF2C-A20DDBB06C57}.AppStore|iPhone.ActiveCfg = Release|x86
		{01315C6E-1BFF-4201-AF2C-A20DDBB06C57}.AppStore|iPhone.Build.0 = Release|x86
		{01315C6E-1BFF-4201-AF2C-A20DDBB06C57}.AppStore|iPhoneSimulator.ActiveCfg = Release|x86
		{01315C6E-1BFF-4201-AF2C-A20DDBB06C57}.AppStore|iPhoneSimulator.Build.0 = Release|x86
		{01315C6E-1BFF-4201-AF2C-A20DDBB06C57}.AppStore|x64.ActiveCfg = Release|x86
		{01315C6E-1BFF-4201-AF2C-A20DDBB06C57}.AppStore|x64.Build.0 = Release|x86
		{01315C6E-1BFF-4201-AF2C-A20DDBB06C57}.AppStore|x86.ActiveCfg = Release|x86
		{01315C6E-1BFF-4201-AF2C-A20DDBB06C57}.AppStore|x86.Build.0 = Release|x86
		{01315C6E-1BFF-4201-AF2C-A20DDBB06C57}.Debug|Any CPU.ActiveCfg = Debug|x86
		{01315C6E-1BFF-4201-AF2C-A20DDBB06C57}.Debug|ARM.ActiveCfg = Debug|x86
		{01315C6E-1BFF-4201-AF2C-A20DDBB06C57}.Debug|iPhone.ActiveCfg = Debug|x86
		{01315C6E-1BFF-4201-AF2C-A20DDBB06C57}.Debug|iPhoneSimulator.ActiveCfg = Debug|x86
		{01315C6E-1BFF-4201-AF2C-A20DDBB06C57}.Debug|x64.ActiveCfg = Debug|x86
		{01315C6E-1BFF-4201-AF2C-A20DDBB06C57}.Debug|x86.ActiveCfg = Debug|x86
		{01315C6E-1BFF-4201-AF2C-A20DDBB06C57}.Debug|x86.Build.0 = Debug|x86
		{01315C6E-1BFF-4201-AF2C-A20DDBB06C57}.Release|Any CPU.ActiveCfg = Release|x86
		{01315C6E-1BFF-4201-AF2C-A20DDBB06C57}.Release|ARM.ActiveCfg = Release|x86
		{01315C6E-1BFF-4201-AF2C-A20DDBB06C57}.Release|iPhone.ActiveCfg = Release|x86
		{01315C6E-1BFF-4201-AF2C-A20DDBB06C57}.Release|iPhoneSimulator.ActiveCfg = Release|x86
		{01315C6E-1BFF-4201-AF2C-A20DDBB06C57}.Release|x64.ActiveCfg = Release|x86
		{01315C6E-1BFF-4201-AF2C-A20DDBB06C57}.Release|x86.ActiveCfg = Release|x86
		{01315C6E-1BFF-4201-AF2C-A20DDBB06C57}.Release|x86.Build.0 = Release|x86
		{F19A9079-8DFD-4FF7-8188-D1B009847077}.Ad-Hoc|Any CPU.ActiveCfg = Debug|Any CPU
		{F19A9079-8DFD-4FF7-8188-D1B009847077}.Ad-Hoc|Any CPU.Build.0 = Debug|Any CPU
		{F19A9079-8DFD-4FF7-8188-D1B009847077}.Ad-Hoc|ARM.ActiveCfg = Debug|Any CPU
		{F19A9079-8DFD-4FF7-8188-D1B009847077}.Ad-Hoc|ARM.Build.0 = Debug|Any CPU
		{F19A9079-8DFD-4FF7-8188-D1B009847077}.Ad-Hoc|iPhone.ActiveCfg = Debug|Any CPU
		{F19A9079-8DFD-4FF7-8188-D1B009847077}.Ad-Hoc|iPhone.Build.0 = Debug|Any CPU
		{F19A9079-8DFD-4FF7-8188-D1B009847077}.Ad-Hoc|iPhoneSimulator.ActiveCfg = Debug|Any CPU
		{F19A9079-8DFD-4FF7-8188-D1B009847077}.Ad-Hoc|iPhoneSimulator.Build.0 = Debug|Any CPU
		{F19A9079-8DFD-4FF7-8188-D1B009847077}.Ad-Hoc|x64.ActiveCfg = Debug|Any CPU
		{F19A9079-8DFD-4FF7-8188-D1B009847077}.Ad-Hoc|x64.Build.0 = Debug|Any CPU
		{F19A9079-8DFD-4FF7-8188-D1B009847077}.Ad-Hoc|x86.ActiveCfg = Debug|Any CPU
		{F19A9079-8DFD-4FF7-8188-D1B009847077}.Ad-Hoc|x86.Build.0 = Debug|Any CPU
		{F19A9079-8DFD-4FF7-8188-D1B009847077}.AppStore|Any CPU.ActiveCfg = Debug|Any CPU
		{F19A9079-8DFD-4FF7-8188-D1B009847077}.AppStore|Any CPU.Build.0 = Debug|Any CPU
		{F19A9079-8DFD-4FF7-8188-D1B009847077}.AppStore|ARM.ActiveCfg = Debug|Any CPU
		{F19A9079-8DFD-4FF7-8188-D1B009847077}.AppStore|ARM.Build.0 = Debug|Any CPU
		{F19A9079-8DFD-4FF7-8188-D1B009847077}.AppStore|iPhone.ActiveCfg = Debug|Any CPU
		{F19A9079-8DFD-4FF7-8188-D1B009847077}.AppStore|iPhone.Build.0 = Debug|Any CPU
		{F19A9079-8DFD-4FF7-8188-D1B009847077}.AppStore|iPhoneSimulator.ActiveCfg = Debug|Any CPU
		{F19A9079-8DFD-4FF7-8188-D1B009847077}.AppStore|iPhoneSimulator.Build.0 = Debug|Any CPU
		{F19A9079-8DFD-4FF7-8188-D1B009847077}.AppStore|x64.ActiveCfg = Debug|Any CPU
		{F19A9079-8DFD-4FF7-8188-D1B009847077}.AppStore|x64.Build.0 = Debug|Any CPU
		{F19A9079-8DFD-4FF7-8188-D1B009847077}.AppStore|x86.ActiveCfg = Debug|Any CPU
		{F19A9079-8DFD-4FF7-8188-D1B009847077}.AppStore|x86.Build.0 = Debug|Any CPU
		{F19A9079-8DFD-4FF7-8188-D1B009847077}.Debug|Any CPU.ActiveCfg = Debug|Any CPU
		{F19A9079-8DFD-4FF7-8188-D1B009847077}.Debug|Any CPU.Build.0 = Debug|Any CPU
		{F19A9079-8DFD-4FF7-8188-D1B009847077}.Debug|ARM.ActiveCfg = Debug|Any CPU
		{F19A9079-8DFD-4FF7-8188-D1B009847077}.Debug|ARM.Build.0 = Debug|Any CPU
		{F19A9079-8DFD-4FF7-8188-D1B009847077}.Debug|iPhone.ActiveCfg = Debug|Any CPU
		{F19A9079-8DFD-4FF7-8188-D1B009847077}.Debug|iPhone.Build.0 = Debug|Any CPU
		{F19A9079-8DFD-4FF7-8188-D1B009847077}.Debug|iPhoneSimulator.ActiveCfg = Debug|Any CPU
		{F19A9079-8DFD-4FF7-8188-D1B009847077}.Debug|iPhoneSimulator.Build.0 = Debug|Any CPU
		{F19A9079-8DFD-4FF7-8188-D1B009847077}.Debug|x64.ActiveCfg = Debug|Any CPU
		{F19A9079-8DFD-4FF7-8188-D1B009847077}.Debug|x64.Build.0 = Debug|Any CPU
		{F19A9079-8DFD-4FF7-8188-D1B009847077}.Debug|x86.ActiveCfg = Debug|Any CPU
		{F19A9079-8DFD-4FF7-8188-D1B009847077}.Debug|x86.Build.0 = Debug|Any CPU
		{F19A9079-8DFD-4FF7-8188-D1B009847077}.Release|Any CPU.ActiveCfg = Release|Any CPU
		{F19A9079-8DFD-4FF7-8188-D1B009847077}.Release|Any CPU.Build.0 = Release|Any CPU
		{F19A9079-8DFD-4FF7-8188-D1B009847077}.Release|ARM.ActiveCfg = Release|Any CPU
		{F19A9079-8DFD-4FF7-8188-D1B009847077}.Release|ARM.Build.0 = Release|Any CPU
		{F19A9079-8DFD-4FF7-8188-D1B009847077}.Release|iPhone.ActiveCfg = Release|Any CPU
		{F19A9079-8DFD-4FF7-8188-D1B009847077}.Release|iPhone.Build.0 = Release|Any CPU
		{F19A9079-8DFD-4FF7-8188-D1B009847077}.Release|iPhoneSimulator.ActiveCfg = Release|Any CPU
		{F19A9079-8DFD-4FF7-8188-D1B009847077}.Release|iPhoneSimulator.Build.0 = Release|Any CPU
		{F19A9079-8DFD-4FF7-8188-D1B009847077}.Release|x64.ActiveCfg = Release|Any CPU
		{F19A9079-8DFD-4FF7-8188-D1B009847077}.Release|x64.Build.0 = Release|Any CPU
		{F19A9079-8DFD-4FF7-8188-D1B009847077}.Release|x86.ActiveCfg = Release|Any CPU
		{F19A9079-8DFD-4FF7-8188-D1B009847077}.Release|x86.Build.0 = Release|Any CPU
		{62659D25-747D-4FD6-8FE8-106E8B84E280}.Ad-Hoc|Any CPU.ActiveCfg = Debug|Any CPU
		{62659D25-747D-4FD6-8FE8-106E8B84E280}.Ad-Hoc|Any CPU.Build.0 = Debug|Any CPU
		{62659D25-747D-4FD6-8FE8-106E8B84E280}.Ad-Hoc|ARM.ActiveCfg = Debug|Any CPU
		{62659D25-747D-4FD6-8FE8-106E8B84E280}.Ad-Hoc|ARM.Build.0 = Debug|Any CPU
		{62659D25-747D-4FD6-8FE8-106E8B84E280}.Ad-Hoc|iPhone.ActiveCfg = Debug|Any CPU
		{62659D25-747D-4FD6-8FE8-106E8B84E280}.Ad-Hoc|iPhone.Build.0 = Debug|Any CPU
		{62659D25-747D-4FD6-8FE8-106E8B84E280}.Ad-Hoc|iPhoneSimulator.ActiveCfg = Debug|Any CPU
		{62659D25-747D-4FD6-8FE8-106E8B84E280}.Ad-Hoc|iPhoneSimulator.Build.0 = Debug|Any CPU
		{62659D25-747D-4FD6-8FE8-106E8B84E280}.Ad-Hoc|x64.ActiveCfg = Debug|Any CPU
		{62659D25-747D-4FD6-8FE8-106E8B84E280}.Ad-Hoc|x64.Build.0 = Debug|Any CPU
		{62659D25-747D-4FD6-8FE8-106E8B84E280}.Ad-Hoc|x86.ActiveCfg = Debug|Any CPU
		{62659D25-747D-4FD6-8FE8-106E8B84E280}.Ad-Hoc|x86.Build.0 = Debug|Any CPU
		{62659D25-747D-4FD6-8FE8-106E8B84E280}.AppStore|Any CPU.ActiveCfg = Debug|Any CPU
		{62659D25-747D-4FD6-8FE8-106E8B84E280}.AppStore|Any CPU.Build.0 = Debug|Any CPU
		{62659D25-747D-4FD6-8FE8-106E8B84E280}.AppStore|ARM.ActiveCfg = Debug|Any CPU
		{62659D25-747D-4FD6-8FE8-106E8B84E280}.AppStore|ARM.Build.0 = Debug|Any CPU
		{62659D25-747D-4FD6-8FE8-106E8B84E280}.AppStore|iPhone.ActiveCfg = Debug|Any CPU
		{62659D25-747D-4FD6-8FE8-106E8B84E280}.AppStore|iPhone.Build.0 = Debug|Any CPU
		{62659D25-747D-4FD6-8FE8-106E8B84E280}.AppStore|iPhoneSimulator.ActiveCfg = Debug|Any CPU
		{62659D25-747D-4FD6-8FE8-106E8B84E280}.AppStore|iPhoneSimulator.Build.0 = Debug|Any CPU
		{62659D25-747D-4FD6-8FE8-106E8B84E280}.AppStore|x64.ActiveCfg = Debug|Any CPU
		{62659D25-747D-4FD6-8FE8-106E8B84E280}.AppStore|x64.Build.0 = Debug|Any CPU
		{62659D25-747D-4FD6-8FE8-106E8B84E280}.AppStore|x86.ActiveCfg = Debug|Any CPU
		{62659D25-747D-4FD6-8FE8-106E8B84E280}.AppStore|x86.Build.0 = Debug|Any CPU
		{62659D25-747D-4FD6-8FE8-106E8B84E280}.Debug|Any CPU.ActiveCfg = Debug|Any CPU
		{62659D25-747D-4FD6-8FE8-106E8B84E280}.Debug|Any CPU.Build.0 = Debug|Any CPU
		{62659D25-747D-4FD6-8FE8-106E8B84E280}.Debug|ARM.ActiveCfg = Debug|Any CPU
		{62659D25-747D-4FD6-8FE8-106E8B84E280}.Debug|ARM.Build.0 = Debug|Any CPU
		{62659D25-747D-4FD6-8FE8-106E8B84E280}.Debug|iPhone.ActiveCfg = Debug|Any CPU
		{62659D25-747D-4FD6-8FE8-106E8B84E280}.Debug|iPhone.Build.0 = Debug|Any CPU
		{62659D25-747D-4FD6-8FE8-106E8B84E280}.Debug|iPhoneSimulator.ActiveCfg = Debug|Any CPU
		{62659D25-747D-4FD6-8FE8-106E8B84E280}.Debug|iPhoneSimulator.Build.0 = Debug|Any CPU
		{62659D25-747D-4FD6-8FE8-106E8B84E280}.Debug|x64.ActiveCfg = Debug|Any CPU
		{62659D25-747D-4FD6-8FE8-106E8B84E280}.Debug|x64.Build.0 = Debug|Any CPU
		{62659D25-747D-4FD6-8FE8-106E8B84E280}.Debug|x86.ActiveCfg = Debug|Any CPU
		{62659D25-747D-4FD6-8FE8-106E8B84E280}.Debug|x86.Build.0 = Debug|Any CPU
		{62659D25-747D-4FD6-8FE8-106E8B84E280}.Release|Any CPU.ActiveCfg = Release|Any CPU
		{62659D25-747D-4FD6-8FE8-106E8B84E280}.Release|Any CPU.Build.0 = Release|Any CPU
		{62659D25-747D-4FD6-8FE8-106E8B84E280}.Release|ARM.ActiveCfg = Release|Any CPU
		{62659D25-747D-4FD6-8FE8-106E8B84E280}.Release|ARM.Build.0 = Release|Any CPU
		{62659D25-747D-4FD6-8FE8-106E8B84E280}.Release|iPhone.ActiveCfg = Release|Any CPU
		{62659D25-747D-4FD6-8FE8-106E8B84E280}.Release|iPhone.Build.0 = Release|Any CPU
		{62659D25-747D-4FD6-8FE8-106E8B84E280}.Release|iPhoneSimulator.ActiveCfg = Release|Any CPU
		{62659D25-747D-4FD6-8FE8-106E8B84E280}.Release|iPhoneSimulator.Build.0 = Release|Any CPU
		{62659D25-747D-4FD6-8FE8-106E8B84E280}.Release|x64.ActiveCfg = Release|Any CPU
		{62659D25-747D-4FD6-8FE8-106E8B84E280}.Release|x64.Build.0 = Release|Any CPU
		{62659D25-747D-4FD6-8FE8-106E8B84E280}.Release|x86.ActiveCfg = Release|Any CPU
		{62659D25-747D-4FD6-8FE8-106E8B84E280}.Release|x86.Build.0 = Release|Any CPU
	EndGlobalSection
	GlobalSection(SolutionProperties) = preSolution
		HideSolutionNode = FALSE
	EndGlobalSection
	GlobalSection(NestedProjects) = preSolution
		{B74E7F46-1CEA-47ED-A286-5333F1616194} = {A316048C-E8D5-4951-A60B-F96D5B2CD5D2}
		{47D44D55-0BC0-432D-B88F-49E89EFEE592} = {A316048C-E8D5-4951-A60B-F96D5B2CD5D2}
		{6FA2646B-AF08-4434-BC80-7736BE791F2E} = {A316048C-E8D5-4951-A60B-F96D5B2CD5D2}
		{B9C51ABA-4C2F-4F2A-BAE7-1B82234FE980} = {A316048C-E8D5-4951-A60B-F96D5B2CD5D2}
		{01315C6E-1BFF-4201-AF2C-A20DDBB06C57} = {A316048C-E8D5-4951-A60B-F96D5B2CD5D2}
		{62659D25-747D-4FD6-8FE8-106E8B84E280} = {A316048C-E8D5-4951-A60B-F96D5B2CD5D2}
	EndGlobalSection
	GlobalSection(ExtensibilityGlobals) = postSolution
		SolutionGuid = {CE1B221D-B703-4342-A266-DCEDEB89DAD3}
	EndGlobalSection
EndGlobal
